<?xml version="1.0" encoding="UTF-8"?>
<CONFIG>
  <ProjectOptions>
    <Version Value="11"/>
    <General>
      <Flags>
        <LRSInOutputDirectory Value="False"/>
      </Flags>
      <MainUnit Value="0"/>
      <Title Value="ide"/>
      <UseAppBundle Value="False"/>
      <ResourceType Value="res"/>
      <UseXPManifest Value="True"/>
      <XPManifest>
        <DpiAware Value="True"/>
        <TextName Value="schlegel.mnh.ide"/>
        <TextDesc Value="MNH5 ide"/>
      </XPManifest>
      <Icon Value="0"/>
    </General>
    <VersionInfo>
      <UseVersionInfo Value="True"/>
      <BuildNr Value="280"/>
      <CharSet Value="04B0"/>
      <Attributes pvaDebug="True" pvaPreRelease="True" pvaPrivateBuild="True"/>
      <StringTable FileDescription="mnh5 IDE and interpreter" InternalName="mnh5_ide" LegalCopyright="Martin Schlegel 2019" ProductName="mnh"/>
    </VersionInfo>
    <BuildModes Count="1">
      <Item1 Name="default" Default="True"/>
    </BuildModes>
    <PublishOptions>
      <Version Value="2"/>
    </PublishOptions>
    <RunParams>
      <FormatVersion Value="2"/>
      <Modes Count="1">
        <Mode0 Name="default"/>
      </Modes>
    </RunParams>
    <RequiredPackages Count="2">
      <Item1>
        <PackageName Value="SynEdit"/>
      </Item1>
      <Item2>
        <PackageName Value="LCL"/>
      </Item2>
    </RequiredPackages>
    <Units Count="91">
      <Unit0>
        <Filename Value="ide.lpr"/>
        <IsPartOfProject Value="True"/>
        <EditorIndex Value="11"/>
        <WindowIndex Value="1"/>
        <CursorPos X="26" Y="16"/>
        <UsageCount Value="200"/>
        <Loaded Value="True"/>
      </Unit0>
      <Unit1>
        <Filename Value="idemain.pas"/>
        <IsPartOfProject Value="True"/>
        <ComponentName Value="IdeMainForm"/>
        <HasResources Value="True"/>
        <ResourceBaseClass Value="Form"/>
        <UnitName Value="ideMain"/>
        <IsVisibleTab Value="True"/>
        <WindowIndex Value="1"/>
        <TopLine Value="282"/>
        <CursorPos Y="291"/>
        <UsageCount Value="200"/>
        <Loaded Value="True"/>
        <LoadedDesigner Value="True"/>
      </Unit1>
      <Unit2>
        <Filename Value="../../lcl/ldocktree.pas"/>
        <UnitName Value="LDockTree"/>
        <TopLine Value="1564"/>
        <CursorPos X="84" Y="1598"/>
        <UsageCount Value="28"/>
        <Bookmarks Count="1">
          <Item0 X="18" Y="1302" ID="2"/>
        </Bookmarks>
      </Unit2>
      <Unit3>
        <Filename Value="../../lcl/include/control.inc"/>
        <TopLine Value="1360"/>
        <CursorPos Y="1377"/>
        <UsageCount Value="28"/>
      </Unit3>
      <Unit4>
        <Filename Value="../../lcl/include/wincontrol.inc"/>
        <EditorIndex Value="-1"/>
        <WindowIndex Value="1"/>
        <TopLine Value="6358"/>
        <CursorPos X="10" Y="6373"/>
        <UsageCount Value="30"/>
      </Unit4>
      <Unit5>
        <Filename Value="../../lcl/controls.pp"/>
        <UnitName Value="Controls"/>
        <EditorIndex Value="-1"/>
        <WindowIndex Value="1"/>
        <TopLine Value="414"/>
        <CursorPos X="31" Y="447"/>
        <UsageCount Value="44"/>
      </Unit5>
      <Unit6>
        <Filename Value="../../lcl/include/customform.inc"/>
        <TopLine Value="2158"/>
        <CursorPos Y="2175"/>
        <UsageCount Value="28"/>
      </Unit6>
      <Unit7>
        <Filename Value="../../lcl/include/scrollingwincontrol.inc"/>
        <TopLine Value="49"/>
        <CursorPos X="7" Y="58"/>
        <UsageCount Value="28"/>
      </Unit7>
      <Unit8>
        <Filename Value="../../lcl/include/dockzone.inc"/>
        <TopLine Value="226"/>
        <CursorPos X="41" Y="249"/>
        <UsageCount Value="25"/>
      </Unit8>
      <Unit9>
        <Filename Value="../../lcl/lclproc.pas"/>
        <UnitName Value="LCLProc"/>
        <TopLine Value="1480"/>
        <CursorPos Y="1497"/>
        <UsageCount Value="24"/>
      </Unit9>
      <Unit10>
        <Filename Value="../../lcl/include/docktree.inc"/>
        <CursorPos X="3"/>
        <UsageCount Value="27"/>
      </Unit10>
      <Unit11>
        <Filename Value="../../lcl/extctrls.pp"/>
        <UnitName Value="ExtCtrls"/>
        <TopLine Value="441"/>
        <CursorPos X="5" Y="452"/>
        <UsageCount Value="9"/>
      </Unit11>
      <Unit12>
        <Filename Value="../../lcl/include/customsplitter.inc"/>
        <CursorPos X="3" Y="35"/>
        <UsageCount Value="9"/>
      </Unit12>
      <Unit13>
        <Filename Value="../../lcl/helpintfs.pas"/>
        <UnitName Value="HelpIntfs"/>
        <EditorIndex Value="-1"/>
        <WindowIndex Value="1"/>
        <CursorPos X="80" Y="8"/>
        <UsageCount Value="10"/>
      </Unit13>
      <Unit14>
        <Filename Value="../../lcl/lazhelphtml.pas"/>
        <UnitName Value="LazHelpHTML"/>
        <TopLine Value="35"/>
        <CursorPos X="3" Y="52"/>
        <UsageCount Value="10"/>
      </Unit14>
      <Unit15>
        <Filename Value="../../fpc/3.0.4/source/rtl/inc/objpash.inc"/>
        <EditorIndex Value="-1"/>
        <WindowIndex Value="1"/>
        <TopLine Value="180"/>
        <CursorPos X="26" Y="206"/>
        <UsageCount Value="5"/>
      </Unit15>
      <Unit16>
        <Filename Value="../../lcl/lclclasses.pp"/>
        <UnitName Value="LCLClasses"/>
        <EditorIndex Value="-1"/>
        <WindowIndex Value="1"/>
        <TopLine Value="202"/>
        <CursorPos Y="202"/>
        <UsageCount Value="4"/>
      </Unit16>
      <Unit17>
        <Filename Value="../../fpc/3.0.4/source/rtl/objpas/classes/classesh.inc"/>
        <EditorIndex Value="-1"/>
        <WindowIndex Value="1"/>
        <TopLine Value="1820"/>
        <CursorPos X="16" Y="1841"/>
        <UsageCount Value="4"/>
      </Unit17>
      <Unit18>
        <Filename Value="../../lcl/include/dragobject.inc"/>
        <EditorIndex Value="-1"/>
        <WindowIndex Value="1"/>
        <TopLine Value="63"/>
        <CursorPos X="3" Y="65"/>
        <UsageCount Value="4"/>
      </Unit18>
      <Unit19>
        <Filename Value="../../lazarus64/lcl/controls.pp"/>
        <UnitName Value="Controls"/>
        <EditorIndex Value="-1"/>
        <WindowIndex Value="1"/>
        <TopLine Value="2410"/>
        <CursorPos X="12" Y="2422"/>
        <UsageCount Value="10"/>
      </Unit19>
      <Unit20>
        <Filename Value="../../lazarus64/lcl/forms.pp"/>
        <UnitName Value="Forms"/>
        <EditorIndex Value="-1"/>
        <WindowIndex Value="1"/>
        <TopLine Value="734"/>
        <CursorPos X="17" Y="758"/>
        <UsageCount Value="11"/>
      </Unit20>
      <Unit21>
        <Filename Value="../../lazarus64/lcl/include/customform.inc"/>
        <EditorIndex Value="-1"/>
        <WindowIndex Value="1"/>
        <TopLine Value="1894"/>
        <CursorPos Y="1921"/>
        <UsageCount Value="11"/>
      </Unit21>
      <Unit22>
        <Filename Value="../../lazarus64/lcl/include/dragobject.inc"/>
        <EditorIndex Value="-1"/>
        <WindowIndex Value="1"/>
        <TopLine Value="56"/>
        <CursorPos X="4" Y="59"/>
        <UsageCount Value="5"/>
      </Unit22>
      <Unit23>
        <Filename Value="../../lazarus64/lcl/include/wincontrol.inc"/>
        <EditorIndex Value="-1"/>
        <WindowIndex Value="1"/>
        <TopLine Value="5465"/>
        <CursorPos X="11" Y="5487"/>
        <UsageCount Value="10"/>
      </Unit23>
      <Unit24>
        <Filename Value="idelayoututil.pas"/>
        <IsPartOfProject Value="True"/>
        <UnitName Value="ideLayoutUtil"/>
        <EditorIndex Value="8"/>
        <WindowIndex Value="1"/>
        <TopLine Value="52"/>
        <CursorPos X="35" Y="76"/>
        <UsageCount Value="113"/>
        <Loaded Value="True"/>
      </Unit24>
      <Unit25>
        <Filename Value="../../lazarus64/lcl/comctrls.pp"/>
        <UnitName Value="ComCtrls"/>
        <EditorIndex Value="-1"/>
        <WindowIndex Value="1"/>
        <TopLine Value="551"/>
        <CursorPos X="3" Y="573"/>
        <UsageCount Value="4"/>
      </Unit25>
      <Unit26>
        <Filename Value="../../lazarus64/fpc/3.0.4/source/rtl/objpas/classes/classesh.inc"/>
        <EditorIndex Value="-1"/>
        <WindowIndex Value="1"/>
        <TopLine Value="1829"/>
        <CursorPos X="14" Y="1872"/>
        <UsageCount Value="10"/>
      </Unit26>
      <Unit27>
        <Filename Value="../../lazarus64/fpc/3.0.4/source/rtl/objpas/sysutils/syshelph.inc"/>
        <EditorIndex Value="-1"/>
        <WindowIndex Value="1"/>
        <TopLine Value="66"/>
        <CursorPos X="14" Y="87"/>
        <UsageCount Value="4"/>
      </Unit27>
      <Unit28>
        <Filename Value="settings/mnh_gui_settings.pas"/>
        <IsPartOfProject Value="True"/>
        <ComponentName Value="SettingsForm"/>
        <ResourceBaseClass Value="Form"/>
        <EditorIndex Value="1"/>
        <WindowIndex Value="1"/>
        <TopLine Value="52"/>
        <CursorPos Y="73"/>
        <UsageCount Value="29"/>
        <Bookmarks Count="1">
          <Item0 X="37" Y="304" ID="1"/>
        </Bookmarks>
        <Loaded Value="True"/>
      </Unit28>
      <Unit29>
        <Filename Value="../core/contexts.pas"/>
        <IsPartOfProject Value="True"/>
        <EditorIndex Value="-1"/>
        <WindowIndex Value="1"/>
        <UsageCount Value="41"/>
      </Unit29>
      <Unit30>
        <Filename Value="mnh_doc.pas"/>
        <EditorIndex Value="-1"/>
        <WindowIndex Value="1"/>
        <TopLine Value="469"/>
        <CursorPos X="4" Y="491"/>
        <UsageCount Value="4"/>
      </Unit30>
      <Unit31>
        <Filename Value="mnh_html.pas"/>
        <EditorIndex Value="-1"/>
        <WindowIndex Value="1"/>
        <CursorPos X="73" Y="11"/>
        <UsageCount Value="4"/>
      </Unit31>
      <Unit32>
        <Filename Value="../core/tokens.pas"/>
        <EditorIndex Value="-1"/>
        <WindowIndex Value="1"/>
        <UsageCount Value="4"/>
      </Unit32>
      <Unit33>
        <Filename Value="../core/valueStore.pas"/>
        <EditorIndex Value="-1"/>
        <WindowIndex Value="1"/>
        <CursorPos X="42" Y="11"/>
        <UsageCount Value="4"/>
      </Unit33>
      <Unit34>
        <Filename Value="debuggingVar.pas"/>
        <EditorIndex Value="-1"/>
        <WindowIndex Value="1"/>
        <CursorPos X="6" Y="7"/>
        <UsageCount Value="4"/>
      </Unit34>
      <Unit35>
        <Filename Value="../core/packages.pas"/>
        <IsPartOfProject Value="True"/>
        <EditorIndex Value="-1"/>
        <WindowIndex Value="1"/>
        <TopLine Value="68"/>
        <CursorPos X="21" Y="103"/>
        <UsageCount Value="29"/>
      </Unit35>
      <Unit36>
        <Filename Value="plot/funcs_plot.pas"/>
        <EditorIndex Value="-1"/>
        <WindowIndex Value="1"/>
        <CursorPos X="2" Y="20"/>
        <UsageCount Value="4"/>
      </Unit36>
      <Unit37>
        <Filename Value="editors/editorMeta.pas"/>
        <IsPartOfProject Value="True"/>
        <EditorIndex Value="9"/>
        <WindowIndex Value="1"/>
        <TopLine Value="66"/>
        <CursorPos Y="87"/>
        <UsageCount Value="94"/>
        <Bookmarks Count="1">
          <Item0 X="5" Y="71" ID="2"/>
        </Bookmarks>
        <Loaded Value="True"/>
      </Unit37>
      <Unit38>
        <Filename Value="synhighlightermnh.pas"/>
        <IsPartOfProject Value="True"/>
        <UnitName Value="SynHighlighterMnh"/>
        <EditorIndex Value="-1"/>
        <WindowIndex Value="1"/>
        <TopLine Value="54"/>
        <CursorPos X="5" Y="62"/>
        <UsageCount Value="29"/>
      </Unit38>
      <Unit39>
        <Filename Value="tables/mnh_tables.pas"/>
        <EditorIndex Value="-1"/>
        <WindowIndex Value="1"/>
        <TopLine Value="23"/>
        <CursorPos Y="46"/>
        <UsageCount Value="4"/>
      </Unit39>
      <Unit40>
        <Filename Value="vartree/variabletreeviews.pas"/>
        <UnitName Value="variableTreeViews"/>
        <EditorIndex Value="-1"/>
        <WindowIndex Value="1"/>
        <CursorPos Y="18"/>
        <UsageCount Value="4"/>
      </Unit40>
      <Unit41>
        <Filename Value="plot/mnh_plotform.pas"/>
        <IsPartOfProject Value="True"/>
        <ComponentName Value="plotForm"/>
        <HasResources Value="True"/>
        <ResourceBaseClass Value="Form"/>
        <UnitName Value="mnh_plotForm"/>
        <EditorIndex Value="-1"/>
        <WindowIndex Value="1"/>
        <TopLine Value="96"/>
        <CursorPos X="6" Y="103"/>
        <UsageCount Value="29"/>
      </Unit41>
      <Unit42>
        <Filename Value="output/guiOutAdapters.pas"/>
        <IsPartOfProject Value="True"/>
        <EditorIndex Value="-1"/>
        <WindowIndex Value="1"/>
        <TopLine Value="58"/>
        <CursorPos X="33" Y="87"/>
        <UsageCount Value="33"/>
      </Unit42>
      <Unit43>
        <Filename Value="customForms/mnhcustomform.pas"/>
        <UnitName Value="mnhCustomForm"/>
        <EditorIndex Value="-1"/>
        <WindowIndex Value="1"/>
        <TopLine Value="411"/>
        <CursorPos Y="448"/>
        <UsageCount Value="4"/>
      </Unit43>
      <Unit44>
        <Filename Value="editors/editormetabase.pas"/>
        <IsPartOfProject Value="True"/>
        <UnitName Value="editorMetaBase"/>
        <EditorIndex Value="-1"/>
        <WindowIndex Value="1"/>
        <TopLine Value="623"/>
        <CursorPos X="5" Y="626"/>
        <UsageCount Value="34"/>
      </Unit44>
      <Unit45>
        <Filename Value="customForms/component_checkbox.inc"/>
        <EditorIndex Value="-1"/>
        <WindowIndex Value="1"/>
        <CursorPos Y="22"/>
        <UsageCount Value="4"/>
      </Unit45>
      <Unit46>
        <Filename Value="customForms/component_button.inc"/>
        <EditorIndex Value="-1"/>
        <WindowIndex Value="1"/>
        <CursorPos Y="22"/>
        <UsageCount Value="4"/>
      </Unit46>
      <Unit47>
        <Filename Value="customForms/component_edit.inc"/>
        <EditorIndex Value="-1"/>
        <WindowIndex Value="1"/>
        <TopLine Value="31"/>
        <CursorPos Y="53"/>
        <UsageCount Value="4"/>
      </Unit47>
      <Unit48>
        <Filename Value="customForms/component_combobox.inc"/>
        <EditorIndex Value="-1"/>
        <WindowIndex Value="1"/>
        <TopLine Value="51"/>
        <CursorPos Y="73"/>
        <UsageCount Value="4"/>
      </Unit48>
      <Unit49>
        <Filename Value="customForms/component_outputMemo.inc"/>
        <EditorIndex Value="-1"/>
        <WindowIndex Value="1"/>
        <CursorPos X="29" Y="22"/>
        <UsageCount Value="10"/>
      </Unit49>
      <Unit50>
        <Filename Value="ask/askdialog.pas"/>
        <ComponentName Value="askForm"/>
        <HasResources Value="True"/>
        <ResourceBaseClass Value="Form"/>
        <UnitName Value="askDialog"/>
        <EditorIndex Value="-1"/>
        <WindowIndex Value="1"/>
        <TopLine Value="82"/>
        <CursorPos X="73" Y="87"/>
        <UsageCount Value="4"/>
      </Unit50>
      <Unit51>
        <Filename Value="editors/editorform.pas"/>
        <ComponentName Value="editForm"/>
        <HasResources Value="True"/>
        <ResourceBaseClass Value="Form"/>
        <UnitName Value="editorForm"/>
        <EditorIndex Value="-1"/>
        <WindowIndex Value="1"/>
        <TopLine Value="9"/>
        <CursorPos Y="51"/>
        <UsageCount Value="85"/>
      </Unit51>
      <Unit52>
        <Filename Value="../common/serializationUtil.pas"/>
        <IsPartOfProject Value="True"/>
        <EditorIndex Value="-1"/>
        <WindowIndex Value="1"/>
        <TopLine Value="78"/>
        <CursorPos X="3" Y="100"/>
        <UsageCount Value="107"/>
      </Unit52>
      <Unit53>
        <Filename Value="../common/myGenerics.pas"/>
        <IsPartOfProject Value="True"/>
        <EditorIndex Value="-1"/>
        <WindowIndex Value="1"/>
        <UsageCount Value="107"/>
      </Unit53>
      <Unit54>
        <Filename Value="../common/myStringUtil.pas"/>
        <IsPartOfProject Value="True"/>
        <EditorIndex Value="-1"/>
        <WindowIndex Value="1"/>
        <UsageCount Value="107"/>
      </Unit54>
      <Unit55>
        <Filename Value="outline/outlineformunit.pas"/>
        <IsPartOfProject Value="True"/>
        <ComponentName Value="OutlineForm"/>
        <HasResources Value="True"/>
        <ResourceBaseClass Value="Form"/>
        <UnitName Value="outlineFormUnit"/>
        <EditorIndex Value="4"/>
        <WindowIndex Value="1"/>
        <TopLine Value="232"/>
        <CursorPos X="27" Y="266"/>
        <UsageCount Value="87"/>
        <Loaded Value="True"/>
      </Unit55>
      <Unit56>
        <Filename Value="../../lazarus64/fpc/3.0.4/source/packages/fv/src/outline.pas"/>
        <EditorIndex Value="-1"/>
        <WindowIndex Value="1"/>
        <UsageCount Value="7"/>
      </Unit56>
      <Unit57>
        <Filename Value="outline/outlines.pas"/>
        <EditorIndex Value="-1"/>
        <WindowIndex Value="1"/>
        <TopLine Value="257"/>
        <CursorPos Y="300"/>
        <UsageCount Value="6"/>
      </Unit57>
      <Unit58>
        <Filename Value="../core/mnh_settings.pas"/>
        <IsPartOfProject Value="True"/>
        <EditorIndex Value="2"/>
        <WindowIndex Value="1"/>
        <TopLine Value="52"/>
        <CursorPos X="3" Y="66"/>
        <UsageCount Value="29"/>
        <Loaded Value="True"/>
      </Unit58>
      <Unit59>
        <Filename Value="assistant/codeassistance.pas"/>
        <IsPartOfProject Value="True"/>
        <UnitName Value="codeAssistance"/>
        <EditorIndex Value="-1"/>
        <WindowIndex Value="1"/>
        <TopLine Value="224"/>
        <CursorPos X="45" Y="245"/>
        <UsageCount Value="85"/>
      </Unit59>
      <Unit60>
        <Filename Value="../../lazarus64/lcl/dialogs.pp"/>
        <UnitName Value="Dialogs"/>
        <EditorIndex Value="-1"/>
        <WindowIndex Value="1"/>
        <TopLine Value="373"/>
        <CursorPos X="14" Y="395"/>
        <UsageCount Value="7"/>
      </Unit60>
      <Unit61>
        <Filename Value="../../lazarus64/lcl/graphics.pp"/>
        <UnitName Value="Graphics"/>
        <EditorIndex Value="-1"/>
        <WindowIndex Value="1"/>
        <TopLine Value="459"/>
        <CursorPos X="3" Y="481"/>
        <UsageCount Value="7"/>
      </Unit61>
      <Unit62>
        <Filename Value="editors/runnermodels.pas"/>
        <UnitName Value="runnerModels"/>
        <EditorIndex Value="-1"/>
        <WindowIndex Value="1"/>
        <UsageCount Value="54"/>
      </Unit62>
      <Unit63>
        <Filename Value="debugging.pas"/>
        <EditorIndex Value="-1"/>
        <WindowIndex Value="1"/>
        <TopLine Value="162"/>
        <CursorPos X="6" Y="172"/>
        <UsageCount Value="6"/>
      </Unit63>
      <Unit64>
        <Filename Value="../core/mnh_constants.pas"/>
        <IsPartOfProject Value="True"/>
        <EditorIndex Value="-1"/>
        <WindowIndex Value="1"/>
        <TopLine Value="655"/>
        <CursorPos X="28" Y="677"/>
        <UsageCount Value="29"/>
      </Unit64>
      <Unit65>
        <Filename Value="../../lazarus64/components/synedit/synedit.pp"/>
        <UnitName Value="SynEdit"/>
        <EditorIndex Value="-1"/>
        <WindowIndex Value="1"/>
        <TopLine Value="1229"/>
        <CursorPos X="14" Y="1250"/>
        <UsageCount Value="7"/>
      </Unit65>
      <Unit66>
        <Filename Value="../../lazarus64/components/synedit/syneditmarkupspecialline.pp"/>
        <UnitName Value="SynEditMarkupSpecialLine"/>
        <EditorIndex Value="-1"/>
        <WindowIndex Value="1"/>
        <CursorPos X="3" Y="33"/>
        <UsageCount Value="7"/>
      </Unit66>
      <Unit67>
        <Filename Value="../core/fileWrappers.pas"/>
        <IsPartOfProject Value="True"/>
        <EditorIndex Value="-1"/>
        <WindowIndex Value="1"/>
        <CursorPos X="14" Y="9"/>
        <UsageCount Value="49"/>
      </Unit67>
      <Unit68>
        <Filename Value="editors/runnermodel.inc"/>
        <EditorIndex Value="-1"/>
        <WindowIndex Value="1"/>
        <TopLine Value="104"/>
        <CursorPos X="34" Y="126"/>
        <UsageCount Value="20"/>
      </Unit68>
      <Unit69>
        <Filename Value="editors/bookmarks.inc"/>
        <EditorIndex Value="-1"/>
        <WindowIndex Value="1"/>
        <CursorPos X="3" Y="2"/>
        <UsageCount Value="15"/>
      </Unit69>
      <Unit70>
        <Filename Value="../../lazarus64/fpc/3.0.4/source/packages/fcl-process/src/process.pp"/>
        <EditorIndex Value="-1"/>
        <WindowIndex Value="1"/>
        <TopLine Value="126"/>
        <CursorPos X="14" Y="147"/>
        <UsageCount Value="11"/>
      </Unit70>
      <Unit71>
        <Filename Value="evalThread.pas"/>
        <IsPartOfProject Value="True"/>
        <EditorIndex Value="-1"/>
        <WindowIndex Value="1"/>
        <TopLine Value="62"/>
        <CursorPos Y="83"/>
        <UsageCount Value="33"/>
      </Unit71>
      <Unit72>
        <Filename Value="../../lazarus64/lcl/menus.pp"/>
        <UnitName Value="Menus"/>
        <EditorIndex Value="-1"/>
        <WindowIndex Value="1"/>
        <TopLine Value="410"/>
        <CursorPos X="3" Y="411"/>
        <UsageCount Value="10"/>
      </Unit72>
      <Unit73>
        <Filename Value="../../lazarus64/fpc/3.0.4/source/packages/univint/src/Debugging.pas"/>
        <EditorIndex Value="-1"/>
        <WindowIndex Value="1"/>
        <UsageCount Value="10"/>
      </Unit73>
      <Unit74>
        <Filename Value="debugger/debugging.pas"/>
        <EditorIndex Value="-1"/>
        <WindowIndex Value="1"/>
        <TopLine Value="52"/>
        <CursorPos X="44" Y="54"/>
        <UsageCount Value="15"/>
      </Unit74>
      <Unit75>
        <Filename Value="../core/basicTypes.pas"/>
        <EditorIndex Value="-1"/>
        <WindowIndex Value="1"/>
        <CursorPos X="57" Y="19"/>
        <UsageCount Value="14"/>
      </Unit75>
      <Unit76>
        <Filename Value="editors/workspace.inc"/>
        <EditorIndex Value="10"/>
        <WindowIndex Value="1"/>
        <TopLine Value="263"/>
        <CursorPos Y="292"/>
        <UsageCount Value="15"/>
        <Loaded Value="True"/>
      </Unit76>
      <Unit77>
        <Filename Value="output/synOutAdapter.pas"/>
        <EditorIndex Value="-1"/>
        <WindowIndex Value="1"/>
        <TopLine Value="294"/>
        <CursorPos X="5" Y="307"/>
        <UsageCount Value="13"/>
      </Unit77>
      <Unit78>
        <Filename Value="../core/out_adapters.pas"/>
        <IsPartOfProject Value="True"/>
        <EditorIndex Value="-1"/>
        <WindowIndex Value="1"/>
        <TopLine Value="575"/>
        <CursorPos Y="597"/>
        <UsageCount Value="33"/>
      </Unit78>
      <Unit79>
        <Filename Value="output/outputformunit.pas"/>
        <IsPartOfProject Value="True"/>
        <ComponentName Value="OutputForm"/>
        <HasResources Value="True"/>
        <ResourceBaseClass Value="Form"/>
        <UnitName Value="outputFormUnit"/>
        <EditorIndex Value="3"/>
        <WindowIndex Value="1"/>
        <TopLine Value="17"/>
        <CursorPos X="43" Y="21"/>
        <UsageCount Value="33"/>
        <Loaded Value="True"/>
      </Unit79>
      <Unit80>
        <Filename Value="assistant/assistanceformunit.pas"/>
        <IsPartOfProject Value="True"/>
        <ComponentName Value="AssistanceForm"/>
        <HasResources Value="True"/>
        <ResourceBaseClass Value="Form"/>
        <UnitName Value="assistanceFormUnit"/>
        <EditorIndex Value="-1"/>
        <WindowIndex Value="1"/>
        <TopLine Value="19"/>
        <CursorPos Y="33"/>
        <UsageCount Value="27"/>
      </Unit80>
      <Unit81>
        <Filename Value="splash/mnh_splash.pas"/>
        <EditorIndex Value="-1"/>
        <WindowIndex Value="1"/>
        <TopLine Value="19"/>
        <CursorPos Y="62"/>
        <UsageCount Value="12"/>
      </Unit81>
      <Unit82>
        <Filename Value="debugger/debuggerforms.pas"/>
        <IsPartOfProject Value="True"/>
        <ComponentName Value="DebuggerForm"/>
        <HasResources Value="True"/>
        <ResourceBaseClass Value="Form"/>
        <UnitName Value="debuggerForms"/>
        <EditorIndex Value="-1"/>
        <WindowIndex Value="1"/>
        <TopLine Value="14"/>
        <CursorPos X="15" Y="52"/>
        <UsageCount Value="26"/>
      </Unit82>
      <Unit83>
        <Filename Value="debugger/debuggingVar.pas"/>
        <EditorIndex Value="-1"/>
        <WindowIndex Value="1"/>
        <TopLine Value="16"/>
        <UsageCount Value="12"/>
      </Unit83>
      <Unit84>
        <Filename Value="../../lazarus64/fpc/3.0.4/source/rtl/win/sysutils.pp"/>
        <EditorIndex Value="-1"/>
        <WindowIndex Value="1"/>
        <CursorPos X="17" Y="8"/>
        <UsageCount Value="10"/>
      </Unit84>
      <Unit85>
        <Filename Value="../gui/backup/mnh_plotform.pas"/>
        <UnitName Value="mnh_plotForm"/>
        <EditorIndex Value="-1"/>
        <WindowIndex Value="1"/>
        <UsageCount Value="10"/>
      </Unit85>
      <Unit86>
        <Filename Value="debugger/breakpointsforms.pas"/>
        <IsPartOfProject Value="True"/>
        <ComponentName Value="BreakpointsForm"/>
        <HasResources Value="True"/>
        <ResourceBaseClass Value="Form"/>
        <UnitName Value="breakpointsForms"/>
        <EditorIndex Value="7"/>
        <WindowIndex Value="1"/>
        <TopLine Value="28"/>
        <CursorPos Y="46"/>
        <UsageCount Value="25"/>
        <Loaded Value="True"/>
      </Unit86>
      <Unit87>
        <Filename Value="close/closedialog.pas"/>
        <UnitName Value="closeDialog"/>
        <EditorIndex Value="-1"/>
        <WindowIndex Value="1"/>
        <CursorPos X="14" Y="17"/>
        <UsageCount Value="11"/>
      </Unit87>
      <Unit88>
        <Filename Value="editors/savefile.pas"/>
        <IsPartOfProject Value="True"/>
        <ComponentName Value="SaveFileDialog"/>
        <HasResources Value="True"/>
        <ResourceBaseClass Value="Form"/>
        <UnitName Value="saveFile"/>
        <EditorIndex Value="-1"/>
        <WindowIndex Value="1"/>
        <TopLine Value="75"/>
        <CursorPos X="24" Y="98"/>
        <UsageCount Value="24"/>
      </Unit88>
      <Unit89>
        <Filename Value="editors/searchModel.pas"/>
        <EditorIndex Value="5"/>
        <WindowIndex Value="1"/>
        <TopLine Value="56"/>
        <CursorPos X="36" Y="98"/>
        <UsageCount Value="12"/>
        <Loaded Value="True"/>
      </Unit89>
      <Unit90>
        <Filename Value="../core/patterns.pas"/>
        <EditorIndex Value="6"/>
        <WindowIndex Value="1"/>
        <TopLine Value="266"/>
        <CursorPos X="50" Y="283"/>
        <UsageCount Value="11"/>
        <Loaded Value="True"/>
      </Unit90>
    </Units>
    <JumpHistory Count="30" HistoryIndex="29">
      <Position1>
        <Filename Value="editors/workspace.inc"/>
        <Caret Line="315" TopLine="296"/>
      </Position1>
      <Position2>
        <Filename Value="editors/workspace.inc"/>
        <Caret Line="292" TopLine="263"/>
      </Position2>
      <Position3>
        <Filename Value="debugger/breakpointsforms.pas"/>
        <Caret Line="47" Column="50" TopLine="28"/>
      </Position3>
      <Position4>
        <Filename Value="idemain.pas"/>
        <Caret Line="299" TopLine="270"/>
      </Position4>
      <Position5>
        <Filename Value="idemain.pas"/>
        <Caret Line="415" TopLine="386"/>
      </Position5>
      <Position6>
        <Filename Value="idemain.pas"/>
        <Caret Line="212" TopLine="190"/>
      </Position6>
      <Position7>
        <Filename Value="settings/mnh_gui_settings.pas"/>
      </Position7>
      <Position8>
        <Filename Value="debugger/breakpointsforms.pas"/>
        <Caret Line="45" TopLine="28"/>
      </Position8>
      <Position9>
        <Filename Value="idemain.pas"/>
        <Caret Line="247" TopLine="220"/>
      </Position9>
      <Position10>
        <Filename Value="settings/mnh_gui_settings.pas"/>
        <Caret Line="183" TopLine="162"/>
      </Position10>
      <Position11>
        <Filename Value="settings/mnh_gui_settings.pas"/>
        <Caret Line="73" Column="17" TopLine="44"/>
      </Position11>
      <Position12>
        <Filename Value="settings/mnh_gui_settings.pas"/>
        <Caret Line="302" Column="5" TopLine="283"/>
      </Position12>
      <Position13>
        <Filename Value="settings/mnh_gui_settings.pas"/>
        <Caret Line="73" Column="27" TopLine="52"/>
      </Position13>
      <Position14>
        <Filename Value="settings/mnh_gui_settings.pas"/>
        <Caret Line="304" Column="37" TopLine="283"/>
      </Position14>
      <Position15>
        <Filename Value="settings/mnh_gui_settings.pas"/>
        <Caret Line="10" Column="46" TopLine="9"/>
      </Position15>
      <Position16>
        <Filename Value="debugger/breakpointsforms.pas"/>
        <Caret Line="44" Column="21" TopLine="28"/>
      </Position16>
      <Position17>
        <Filename Value="idemain.pas"/>
        <Caret Line="212" TopLine="190"/>
      </Position17>
      <Position18>
        <Filename Value="settings/mnh_gui_settings.pas"/>
        <Caret Line="304" Column="46" TopLine="282"/>
      </Position18>
      <Position19>
        <Filename Value="idemain.pas"/>
        <Caret Line="211" TopLine="190"/>
      </Position19>
      <Position20>
        <Filename Value="idemain.pas"/>
        <Caret Line="252" Column="27" TopLine="214"/>
      </Position20>
      <Position21>
        <Filename Value="idelayoututil.pas"/>
        <Caret Line="70" TopLine="44"/>
      </Position21>
      <Position22>
        <Filename Value="idelayoututil.pas"/>
        <Caret Line="74" Column="26" TopLine="48"/>
      </Position22>
      <Position23>
        <Filename Value="idelayoututil.pas"/>
        <Caret Line="22" Column="48"/>
      </Position23>
      <Position24>
        <Filename Value="idelayoututil.pas"/>
        <Caret Line="74" Column="26" TopLine="52"/>
      </Position24>
      <Position25>
        <Filename Value="idelayoututil.pas"/>
        <Caret Line="77" Column="31" TopLine="52"/>
      </Position25>
      <Position26>
        <Filename Value="idelayoututil.pas"/>
        <Caret Line="76" Column="35" TopLine="52"/>
      </Position26>
      <Position27>
        <Filename Value="idemain.pas"/>
        <Caret Line="402" Column="15" TopLine="380"/>
      </Position27>
      <Position28>
        <Filename Value="idemain.pas"/>
        <Caret Line="403" Column="15" TopLine="381"/>
      </Position28>
      <Position29>
        <Filename Value="idemain.pas"/>
        <Caret Line="402" Column="15" TopLine="380"/>
      </Position29>
      <Position30>
        <Filename Value="idemain.pas"/>
        <Caret Line="409" Column="15" TopLine="387"/>
      </Position30>
    </JumpHistory>
  </ProjectOptions>
  <CompilerOptions>
    <Version Value="11"/>
    <Target>
      <Filename Value="mnh_debug"/>
    </Target>
    <SearchPaths>
      <IncludeFiles Value="../core"/>
      <OtherUnitFiles Value="settings;../common;../core;../3rd_party;plot;editors;assistant;close;tables;vartree;outline;output;customForms;ask;debugger;splash"/>
      <UnitOutputDirectory Value="C:/dev/mnh5/ide/compilates"/>
    </SearchPaths>
    <Parsing>
      <SyntaxOptions>
        <IncludeAssertionCode Value="True"/>
        <AllowLabel Value="False"/>
      </SyntaxOptions>
    </Parsing>
    <CodeGeneration>
      <Checks>
        <IOChecks Value="True"/>
        <RangeChecks Value="True"/>
        <OverflowChecks Value="True"/>
        <StackChecks Value="True"/>
      </Checks>
      <VerifyObjMethodCallValidity Value="True"/>
      <TargetCPU Value="x86_64"/>
      <Optimizations>
        <OptimizationLevel Value="0"/>
      </Optimizations>
    </CodeGeneration>
    <Other>
      <Verbosity>
        <ShoLineNum Value="True"/>
        <ShowHintsForUnusedUnitsInMainSrc Value="True"/>
      </Verbosity>
      <WriteFPCLogo Value="False"/>
      <CustomOptions Value="-dfullVersion
-dVerboseDocking
-ddebugMode"/>
    </Other>
  </CompilerOptions>
  <Debugging>
    <Exceptions Count="6">
      <Item1>
        <Name Value="EAbort"/>
      </Item1>
      <Item2>
        <Name Value="ECodetoolError"/>
      </Item2>
      <Item3>
        <Name Value="EFOpenError"/>
      </Item3>
      <Item4>
        <Name Value="EInvalidOperation"/>
      </Item4>
      <Item5>
        <Name Value="EAbstractError"/>
      </Item5>
      <Item6>
        <Name Value="ERegExpr"/>
      </Item6>
    </Exceptions>
  </Debugging>
</CONFIG>
