<?xml version="1.0" encoding="UTF-8"?>
<CONFIG>
  <ProjectOptions>
    <Version Value="11"/>
    <General>
      <Flags>
        <LRSInOutputDirectory Value="False"/>
      </Flags>
      <MainUnit Value="0"/>
      <Title Value="ide"/>
      <UseAppBundle Value="False"/>
      <ResourceType Value="res"/>
      <UseXPManifest Value="True"/>
      <XPManifest>
        <DpiAware Value="True"/>
        <TextName Value="schlegel.mnh.ide"/>
        <TextDesc Value="MNH5 ide"/>
      </XPManifest>
      <Icon Value="0"/>
    </General>
    <VersionInfo>
      <UseVersionInfo Value="True"/>
      <BuildNr Value="280"/>
      <CharSet Value="04B0"/>
      <Attributes pvaDebug="True" pvaPreRelease="True" pvaPrivateBuild="True"/>
      <StringTable FileDescription="mnh5 IDE and interpreter" InternalName="mnh5_ide" LegalCopyright="Martin Schlegel 2019" ProductName="mnh"/>
    </VersionInfo>
    <BuildModes Count="3">
      <Item1 Name="default" Default="True"/>
      <Item2 Name="deployment">
        <CompilerOptions>
          <Version Value="11"/>
          <Target>
            <Filename Value="mnh"/>
          </Target>
          <SearchPaths>
            <IncludeFiles Value="../core"/>
            <OtherUnitFiles Value="settings;../common;../core;../3rd_party;plot;editors;assistant;close;tables;vartree;outline;output;customForms;ask;debugger;splash;quick"/>
            <UnitOutputDirectory Value="C:/dev/mnh5/ide/compilates"/>
          </SearchPaths>
          <Parsing>
            <SyntaxOptions>
              <AllowLabel Value="False"/>
            </SyntaxOptions>
          </Parsing>
          <CodeGeneration>
            <SmartLinkUnit Value="True"/>
            <Optimizations>
              <OptimizationLevel Value="3"/>
            </Optimizations>
          </CodeGeneration>
          <Linking>
            <Debugging>
              <GenerateDebugInfo Value="False"/>
            </Debugging>
            <LinkSmart Value="True"/>
          </Linking>
          <Other>
            <Verbosity>
              <ShoLineNum Value="True"/>
              <ShowHintsForUnusedUnitsInMainSrc Value="True"/>
            </Verbosity>
            <WriteFPCLogo Value="False"/>
            <CustomOptions Value="-dfullVersion"/>
          </Other>
        </CompilerOptions>
      </Item2>
      <Item3 Name="profile">
        <CompilerOptions>
          <Version Value="11"/>
          <Target>
            <Filename Value="mnh_prof"/>
          </Target>
          <SearchPaths>
            <IncludeFiles Value="../core"/>
            <OtherUnitFiles Value="settings;../common;../core;../3rd_party;plot;editors;assistant;close;tables;vartree;outline;output;customForms;ask;debugger;splash;quick"/>
            <UnitOutputDirectory Value="C:/dev/mnh5/ide/compilates"/>
          </SearchPaths>
          <Parsing>
            <SyntaxOptions>
              <AllowLabel Value="False"/>
            </SyntaxOptions>
          </Parsing>
          <Linking>
            <Debugging>
              <UseValgrind Value="True"/>
            </Debugging>
          </Linking>
          <Other>
            <Verbosity>
              <ShoLineNum Value="True"/>
              <ShowHintsForUnusedUnitsInMainSrc Value="True"/>
            </Verbosity>
            <WriteFPCLogo Value="False"/>
            <CustomOptions Value="-dfullVersion
-dprofilingFlavour"/>
          </Other>
        </CompilerOptions>
      </Item3>
    </BuildModes>
    <PublishOptions>
      <Version Value="2"/>
    </PublishOptions>
    <RunParams>
      <FormatVersion Value="2"/>
      <Modes Count="1">
        <Mode0 Name="default"/>
      </Modes>
    </RunParams>
    <RequiredPackages Count="2">
      <Item1>
        <PackageName Value="SynEdit"/>
      </Item1>
      <Item2>
        <PackageName Value="LCL"/>
      </Item2>
    </RequiredPackages>
    <Units Count="115">
      <Unit0>
        <Filename Value="ide.lpr"/>
        <IsPartOfProject Value="True"/>
        <EditorIndex Value="9"/>
        <WindowIndex Value="1"/>
        <CursorPos Y="30"/>
        <UsageCount Value="200"/>
        <Loaded Value="True"/>
      </Unit0>
      <Unit1>
        <Filename Value="idemain.pas"/>
        <IsPartOfProject Value="True"/>
        <ComponentName Value="IdeMainForm"/>
        <HasResources Value="True"/>
        <ResourceBaseClass Value="Form"/>
        <UnitName Value="ideMain"/>
        <EditorIndex Value="2"/>
        <WindowIndex Value="1"/>
        <TopLine Value="255"/>
        <CursorPos Y="277"/>
        <UsageCount Value="200"/>
        <Loaded Value="True"/>
        <LoadedDesigner Value="True"/>
      </Unit1>
      <Unit2>
        <Filename Value="../../lcl/ldocktree.pas"/>
        <UnitName Value="LDockTree"/>
        <TopLine Value="1564"/>
        <CursorPos X="84" Y="1598"/>
        <UsageCount Value="21"/>
        <Bookmarks Count="1">
          <Item0 X="18" Y="1302" ID="2"/>
        </Bookmarks>
      </Unit2>
      <Unit3>
        <Filename Value="../../lcl/include/control.inc"/>
        <TopLine Value="1360"/>
        <CursorPos Y="1377"/>
        <UsageCount Value="21"/>
      </Unit3>
      <Unit4>
        <Filename Value="../../lcl/include/wincontrol.inc"/>
        <EditorIndex Value="-1"/>
        <WindowIndex Value="1"/>
        <TopLine Value="6358"/>
        <CursorPos X="10" Y="6373"/>
        <UsageCount Value="23"/>
      </Unit4>
      <Unit5>
        <Filename Value="../../lcl/controls.pp"/>
        <UnitName Value="Controls"/>
        <EditorIndex Value="-1"/>
        <WindowIndex Value="1"/>
        <TopLine Value="414"/>
        <CursorPos X="31" Y="447"/>
        <UsageCount Value="37"/>
      </Unit5>
      <Unit6>
        <Filename Value="../../lcl/include/customform.inc"/>
        <TopLine Value="2158"/>
        <CursorPos Y="2175"/>
        <UsageCount Value="21"/>
      </Unit6>
      <Unit7>
        <Filename Value="../../lcl/include/scrollingwincontrol.inc"/>
        <TopLine Value="49"/>
        <CursorPos X="7" Y="58"/>
        <UsageCount Value="21"/>
      </Unit7>
      <Unit8>
        <Filename Value="../../lcl/include/dockzone.inc"/>
        <TopLine Value="226"/>
        <CursorPos X="41" Y="249"/>
        <UsageCount Value="18"/>
      </Unit8>
      <Unit9>
        <Filename Value="../../lcl/lclproc.pas"/>
        <UnitName Value="LCLProc"/>
        <TopLine Value="1480"/>
        <CursorPos Y="1497"/>
        <UsageCount Value="17"/>
      </Unit9>
      <Unit10>
        <Filename Value="../../lcl/include/docktree.inc"/>
        <CursorPos X="3"/>
        <UsageCount Value="20"/>
      </Unit10>
      <Unit11>
        <Filename Value="../../lcl/extctrls.pp"/>
        <UnitName Value="ExtCtrls"/>
        <TopLine Value="441"/>
        <CursorPos X="5" Y="452"/>
        <UsageCount Value="2"/>
      </Unit11>
      <Unit12>
        <Filename Value="../../lcl/include/customsplitter.inc"/>
        <CursorPos X="3" Y="35"/>
        <UsageCount Value="2"/>
      </Unit12>
      <Unit13>
        <Filename Value="../../lcl/helpintfs.pas"/>
        <UnitName Value="HelpIntfs"/>
        <EditorIndex Value="-1"/>
        <WindowIndex Value="1"/>
        <CursorPos X="80" Y="8"/>
        <UsageCount Value="3"/>
      </Unit13>
      <Unit14>
        <Filename Value="../../lcl/lazhelphtml.pas"/>
        <UnitName Value="LazHelpHTML"/>
        <TopLine Value="35"/>
        <CursorPos X="3" Y="52"/>
        <UsageCount Value="3"/>
      </Unit14>
      <Unit15>
        <Filename Value="../../fpc/3.0.4/source/rtl/inc/objpash.inc"/>
        <EditorIndex Value="-1"/>
        <WindowIndex Value="1"/>
        <TopLine Value="180"/>
        <CursorPos X="26" Y="206"/>
        <UsageCount Value="8"/>
      </Unit15>
      <Unit16>
        <Filename Value="../../lcl/lclclasses.pp"/>
        <UnitName Value="LCLClasses"/>
        <EditorIndex Value="-1"/>
        <WindowIndex Value="1"/>
        <TopLine Value="202"/>
        <CursorPos Y="202"/>
        <UsageCount Value="7"/>
      </Unit16>
      <Unit17>
        <Filename Value="../../fpc/3.0.4/source/rtl/objpas/classes/classesh.inc"/>
        <EditorIndex Value="-1"/>
        <WindowIndex Value="1"/>
        <TopLine Value="1820"/>
        <CursorPos X="16" Y="1841"/>
        <UsageCount Value="7"/>
      </Unit17>
      <Unit18>
        <Filename Value="../../lcl/include/dragobject.inc"/>
        <EditorIndex Value="-1"/>
        <WindowIndex Value="1"/>
        <TopLine Value="63"/>
        <CursorPos X="3" Y="65"/>
        <UsageCount Value="7"/>
      </Unit18>
      <Unit19>
        <Filename Value="../../lazarus64/lcl/controls.pp"/>
        <UnitName Value="Controls"/>
        <EditorIndex Value="-1"/>
        <WindowIndex Value="1"/>
        <TopLine Value="1607"/>
        <CursorPos X="15" Y="1627"/>
        <UsageCount Value="26"/>
      </Unit19>
      <Unit20>
        <Filename Value="../../lazarus64/lcl/forms.pp"/>
        <UnitName Value="Forms"/>
        <EditorIndex Value="-1"/>
        <WindowIndex Value="1"/>
        <TopLine Value="47"/>
        <CursorPos X="5" Y="69"/>
        <UsageCount Value="28"/>
      </Unit20>
      <Unit21>
        <Filename Value="../../lazarus64/lcl/include/customform.inc"/>
        <EditorIndex Value="-1"/>
        <WindowIndex Value="1"/>
        <TopLine Value="164"/>
        <CursorPos Y="186"/>
        <UsageCount Value="15"/>
      </Unit21>
      <Unit22>
        <Filename Value="../../lazarus64/lcl/include/dragobject.inc"/>
        <EditorIndex Value="-1"/>
        <WindowIndex Value="1"/>
        <TopLine Value="63"/>
        <CursorPos X="3" Y="65"/>
        <UsageCount Value="23"/>
      </Unit22>
      <Unit23>
        <Filename Value="../../lazarus64/lcl/include/wincontrol.inc"/>
        <EditorIndex Value="6"/>
        <WindowIndex Value="1"/>
        <TopLine Value="3488"/>
        <CursorPos X="22" Y="3500"/>
        <UsageCount Value="10"/>
        <Loaded Value="True"/>
      </Unit23>
      <Unit24>
        <Filename Value="idelayoututil.pas"/>
        <IsPartOfProject Value="True"/>
        <UnitName Value="ideLayoutUtil"/>
        <EditorIndex Value="-1"/>
        <WindowIndex Value="1"/>
        <TopLine Value="297"/>
        <CursorPos Y="324"/>
        <UsageCount Value="204"/>
      </Unit24>
      <Unit25>
        <Filename Value="../../lazarus64/lcl/comctrls.pp"/>
        <UnitName Value="ComCtrls"/>
        <EditorIndex Value="-1"/>
        <WindowIndex Value="1"/>
        <TopLine Value="202"/>
        <CursorPos X="25" Y="222"/>
        <UsageCount Value="8"/>
      </Unit25>
      <Unit26>
        <Filename Value="../../lazarus64/fpc/3.0.4/source/rtl/objpas/classes/classesh.inc"/>
        <EditorIndex Value="-1"/>
        <WindowIndex Value="1"/>
        <TopLine Value="671"/>
        <CursorPos X="64" Y="730"/>
        <UsageCount Value="13"/>
      </Unit26>
      <Unit27>
        <Filename Value="../../lazarus64/fpc/3.0.4/source/rtl/objpas/sysutils/syshelph.inc"/>
        <EditorIndex Value="-1"/>
        <WindowIndex Value="1"/>
        <TopLine Value="66"/>
        <CursorPos X="14" Y="87"/>
        <UsageCount Value="7"/>
      </Unit27>
      <Unit28>
        <Filename Value="settings/mnh_gui_settings.pas"/>
        <IsPartOfProject Value="True"/>
        <ComponentName Value="SettingsForm"/>
        <HasResources Value="True"/>
        <ResourceBaseClass Value="Form"/>
        <EditorIndex Value="19"/>
        <WindowIndex Value="1"/>
        <TopLine Value="107"/>
        <CursorPos Y="138"/>
        <UsageCount Value="121"/>
        <Loaded Value="True"/>
        <LoadedDesigner Value="True"/>
      </Unit28>
      <Unit29>
        <Filename Value="../core/contexts.pas"/>
        <IsPartOfProject Value="True"/>
        <EditorIndex Value="-1"/>
        <WindowIndex Value="1"/>
        <UsageCount Value="133"/>
      </Unit29>
      <Unit30>
        <Filename Value="mnh_doc.pas"/>
        <EditorIndex Value="-1"/>
        <WindowIndex Value="1"/>
        <TopLine Value="499"/>
        <CursorPos X="5" Y="520"/>
        <UsageCount Value="7"/>
      </Unit30>
      <Unit31>
        <Filename Value="mnh_html.pas"/>
        <EditorIndex Value="-1"/>
        <WindowIndex Value="1"/>
        <CursorPos X="73" Y="11"/>
        <UsageCount Value="7"/>
      </Unit31>
      <Unit32>
        <Filename Value="../core/tokens.pas"/>
        <EditorIndex Value="-1"/>
        <WindowIndex Value="1"/>
        <UsageCount Value="7"/>
      </Unit32>
      <Unit33>
        <Filename Value="../core/valueStore.pas"/>
        <EditorIndex Value="-1"/>
        <WindowIndex Value="1"/>
        <CursorPos X="42" Y="11"/>
        <UsageCount Value="7"/>
      </Unit33>
      <Unit34>
        <Filename Value="debuggingVar.pas"/>
        <EditorIndex Value="-1"/>
        <WindowIndex Value="1"/>
        <CursorPos X="6" Y="7"/>
        <UsageCount Value="7"/>
      </Unit34>
      <Unit35>
        <Filename Value="../core/packages.pas"/>
        <IsPartOfProject Value="True"/>
        <EditorIndex Value="-1"/>
        <WindowIndex Value="1"/>
        <CursorPos X="11" Y="12"/>
        <UsageCount Value="121"/>
      </Unit35>
      <Unit36>
        <Filename Value="plot/funcs_plot.pas"/>
        <EditorIndex Value="-1"/>
        <WindowIndex Value="1"/>
        <CursorPos X="2" Y="20"/>
        <UsageCount Value="7"/>
      </Unit36>
      <Unit37>
        <Filename Value="editors/editorMeta.pas"/>
        <IsPartOfProject Value="True"/>
        <EditorIndex Value="13"/>
        <WindowIndex Value="1"/>
        <TopLine Value="167"/>
        <CursorPos X="52" Y="189"/>
        <UsageCount Value="186"/>
        <Bookmarks Count="1">
          <Item0 X="24" Y="554" ID="1"/>
        </Bookmarks>
        <Loaded Value="True"/>
      </Unit37>
      <Unit38>
        <Filename Value="synhighlightermnh.pas"/>
        <IsPartOfProject Value="True"/>
        <UnitName Value="SynHighlighterMnh"/>
        <EditorIndex Value="-1"/>
        <WindowIndex Value="1"/>
        <TopLine Value="14"/>
        <CursorPos X="3" Y="36"/>
        <UsageCount Value="121"/>
      </Unit38>
      <Unit39>
        <Filename Value="tables/mnh_tables.pas"/>
        <IsPartOfProject Value="True"/>
        <ComponentName Value="tableForm"/>
        <HasResources Value="True"/>
        <ResourceBaseClass Value="Form"/>
        <EditorIndex Value="1"/>
        <WindowIndex Value="1"/>
        <TopLine Value="123"/>
        <CursorPos X="59" Y="143"/>
        <UsageCount Value="45"/>
        <Loaded Value="True"/>
        <LoadedDesigner Value="True"/>
      </Unit39>
      <Unit40>
        <Filename Value="vartree/variabletreeviews.pas"/>
        <IsPartOfProject Value="True"/>
        <ComponentName Value="VarTreeViewForm"/>
        <HasResources Value="True"/>
        <ResourceBaseClass Value="Form"/>
        <UnitName Value="variableTreeViews"/>
        <EditorIndex Value="20"/>
        <WindowIndex Value="1"/>
        <TopLine Value="36"/>
        <CursorPos X="23" Y="51"/>
        <UsageCount Value="43"/>
        <Loaded Value="True"/>
        <LoadedDesigner Value="True"/>
      </Unit40>
      <Unit41>
        <Filename Value="plot/mnh_plotform.pas"/>
        <IsPartOfProject Value="True"/>
        <ComponentName Value="plotForm"/>
        <HasResources Value="True"/>
        <ResourceBaseClass Value="Form"/>
        <UnitName Value="mnh_plotForm"/>
        <EditorIndex Value="-1"/>
        <WindowIndex Value="1"/>
        <TopLine Value="573"/>
        <CursorPos Y="601"/>
        <UsageCount Value="121"/>
      </Unit41>
      <Unit42>
        <Filename Value="output/guiOutAdapters.pas"/>
        <IsPartOfProject Value="True"/>
        <WindowIndex Value="1"/>
        <TopLine Value="56"/>
        <CursorPos X="54" Y="80"/>
        <UsageCount Value="125"/>
        <Loaded Value="True"/>
      </Unit42>
      <Unit43>
        <Filename Value="customForms/mnhcustomform.pas"/>
        <UnitName Value="mnhCustomForm"/>
        <EditorIndex Value="-1"/>
        <WindowIndex Value="1"/>
        <TopLine Value="411"/>
        <CursorPos Y="448"/>
        <UsageCount Value="7"/>
      </Unit43>
      <Unit44>
        <Filename Value="editors/editormetabase.pas"/>
        <IsPartOfProject Value="True"/>
        <UnitName Value="editorMetaBase"/>
        <EditorIndex Value="7"/>
        <WindowIndex Value="1"/>
        <TopLine Value="297"/>
        <CursorPos Y="318"/>
        <UsageCount Value="126"/>
        <Loaded Value="True"/>
      </Unit44>
      <Unit45>
        <Filename Value="customForms/component_checkbox.inc"/>
        <EditorIndex Value="-1"/>
        <WindowIndex Value="1"/>
        <CursorPos Y="22"/>
        <UsageCount Value="7"/>
      </Unit45>
      <Unit46>
        <Filename Value="customForms/component_button.inc"/>
        <EditorIndex Value="-1"/>
        <WindowIndex Value="1"/>
        <CursorPos Y="22"/>
        <UsageCount Value="7"/>
      </Unit46>
      <Unit47>
        <Filename Value="customForms/component_edit.inc"/>
        <EditorIndex Value="-1"/>
        <WindowIndex Value="1"/>
        <TopLine Value="31"/>
        <CursorPos Y="53"/>
        <UsageCount Value="7"/>
      </Unit47>
      <Unit48>
        <Filename Value="customForms/component_combobox.inc"/>
        <EditorIndex Value="-1"/>
        <WindowIndex Value="1"/>
        <TopLine Value="51"/>
        <CursorPos Y="73"/>
        <UsageCount Value="7"/>
      </Unit48>
      <Unit49>
        <Filename Value="customForms/component_outputMemo.inc"/>
        <EditorIndex Value="-1"/>
        <WindowIndex Value="1"/>
        <TopLine Value="27"/>
        <CursorPos Y="49"/>
        <UsageCount Value="4"/>
      </Unit49>
      <Unit50>
        <Filename Value="ask/askdialog.pas"/>
        <ComponentName Value="askForm"/>
        <HasResources Value="True"/>
        <ResourceBaseClass Value="Form"/>
        <UnitName Value="askDialog"/>
        <EditorIndex Value="-1"/>
        <WindowIndex Value="1"/>
        <TopLine Value="82"/>
        <CursorPos X="73" Y="87"/>
        <UsageCount Value="7"/>
      </Unit50>
      <Unit51>
        <Filename Value="editors/editorform.pas"/>
        <ComponentName Value="editForm"/>
        <HasResources Value="True"/>
        <ResourceBaseClass Value="Form"/>
        <UnitName Value="editorForm"/>
        <EditorIndex Value="-1"/>
        <WindowIndex Value="1"/>
        <TopLine Value="9"/>
        <CursorPos Y="51"/>
        <UsageCount Value="78"/>
      </Unit51>
      <Unit52>
        <Filename Value="../common/serializationUtil.pas"/>
        <IsPartOfProject Value="True"/>
        <EditorIndex Value="-1"/>
        <WindowIndex Value="1"/>
        <TopLine Value="154"/>
        <CursorPos Y="182"/>
        <UsageCount Value="199"/>
      </Unit52>
      <Unit53>
        <Filename Value="../common/myGenerics.pas"/>
        <IsPartOfProject Value="True"/>
        <EditorIndex Value="-1"/>
        <WindowIndex Value="1"/>
        <UsageCount Value="199"/>
      </Unit53>
      <Unit54>
        <Filename Value="../common/myStringUtil.pas"/>
        <IsPartOfProject Value="True"/>
        <EditorIndex Value="-1"/>
        <WindowIndex Value="1"/>
        <UsageCount Value="199"/>
      </Unit54>
      <Unit55>
        <Filename Value="outline/outlineformunit.pas"/>
        <IsPartOfProject Value="True"/>
        <ComponentName Value="OutlineForm"/>
        <HasResources Value="True"/>
        <ResourceBaseClass Value="Form"/>
        <UnitName Value="outlineFormUnit"/>
        <EditorIndex Value="22"/>
        <WindowIndex Value="1"/>
        <TopLine Value="255"/>
        <CursorPos X="8" Y="271"/>
        <UsageCount Value="179"/>
        <Loaded Value="True"/>
        <LoadedDesigner Value="True"/>
      </Unit55>
      <Unit56>
        <Filename Value="../../lazarus64/fpc/3.0.4/source/packages/fv/src/outline.pas"/>
        <EditorIndex Value="-1"/>
        <WindowIndex Value="1"/>
        <UsageCount Value="0"/>
      </Unit56>
      <Unit57>
        <Filename Value="../core/mnh_settings.pas"/>
        <IsPartOfProject Value="True"/>
        <EditorIndex Value="11"/>
        <WindowIndex Value="1"/>
        <TopLine Value="217"/>
        <CursorPos X="24" Y="260"/>
        <UsageCount Value="121"/>
        <Loaded Value="True"/>
      </Unit57>
      <Unit58>
        <Filename Value="assistant/codeassistance.pas"/>
        <IsPartOfProject Value="True"/>
        <UnitName Value="codeAssistance"/>
        <EditorIndex Value="23"/>
        <WindowIndex Value="1"/>
        <TopLine Value="234"/>
        <CursorPos X="7" Y="254"/>
        <UsageCount Value="177"/>
        <Loaded Value="True"/>
      </Unit58>
      <Unit59>
        <Filename Value="../../lazarus64/lcl/dialogs.pp"/>
        <UnitName Value="Dialogs"/>
        <EditorIndex Value="-1"/>
        <WindowIndex Value="1"/>
        <TopLine Value="373"/>
        <CursorPos X="14" Y="395"/>
        <UsageCount Value="0"/>
      </Unit59>
      <Unit60>
        <Filename Value="../../lazarus64/lcl/graphics.pp"/>
        <UnitName Value="Graphics"/>
        <EditorIndex Value="-1"/>
        <WindowIndex Value="1"/>
        <TopLine Value="56"/>
        <CursorPos X="3" Y="72"/>
        <UsageCount Value="11"/>
      </Unit60>
      <Unit61>
        <Filename Value="editors/runnermodels.pas"/>
        <UnitName Value="runnerModels"/>
        <EditorIndex Value="-1"/>
        <WindowIndex Value="1"/>
        <UsageCount Value="47"/>
      </Unit61>
      <Unit62>
        <Filename Value="../core/mnh_constants.pas"/>
        <IsPartOfProject Value="True"/>
        <EditorIndex Value="12"/>
        <WindowIndex Value="1"/>
        <CursorPos X="42" Y="9"/>
        <UsageCount Value="121"/>
        <Loaded Value="True"/>
      </Unit62>
      <Unit63>
        <Filename Value="../../lazarus64/components/synedit/synedit.pp"/>
        <UnitName Value="SynEdit"/>
        <EditorIndex Value="-1"/>
        <WindowIndex Value="1"/>
        <TopLine Value="1232"/>
        <CursorPos X="3" Y="1254"/>
        <UsageCount Value="14"/>
      </Unit63>
      <Unit64>
        <Filename Value="../../lazarus64/components/synedit/syneditmarkupspecialline.pp"/>
        <UnitName Value="SynEditMarkupSpecialLine"/>
        <EditorIndex Value="-1"/>
        <WindowIndex Value="1"/>
        <CursorPos X="3" Y="33"/>
        <UsageCount Value="0"/>
      </Unit64>
      <Unit65>
        <Filename Value="../core/fileWrappers.pas"/>
        <IsPartOfProject Value="True"/>
        <EditorIndex Value="-1"/>
        <WindowIndex Value="1"/>
        <CursorPos X="14" Y="9"/>
        <UsageCount Value="141"/>
      </Unit65>
      <Unit66>
        <Filename Value="editors/runnermodel.inc"/>
        <EditorIndex Value="-1"/>
        <WindowIndex Value="1"/>
        <TopLine Value="59"/>
        <CursorPos X="7" Y="81"/>
        <UsageCount Value="28"/>
      </Unit66>
      <Unit67>
        <Filename Value="editors/bookmarks.inc"/>
        <EditorIndex Value="-1"/>
        <WindowIndex Value="1"/>
        <CursorPos X="3" Y="2"/>
        <UsageCount Value="8"/>
      </Unit67>
      <Unit68>
        <Filename Value="../../lazarus64/fpc/3.0.4/source/packages/fcl-process/src/process.pp"/>
        <EditorIndex Value="-1"/>
        <WindowIndex Value="1"/>
        <TopLine Value="126"/>
        <CursorPos X="14" Y="147"/>
        <UsageCount Value="4"/>
      </Unit68>
      <Unit69>
        <Filename Value="evalThread.pas"/>
        <IsPartOfProject Value="True"/>
        <EditorIndex Value="-1"/>
        <WindowIndex Value="1"/>
        <TopLine Value="7"/>
        <CursorPos X="11" Y="3"/>
        <UsageCount Value="125"/>
      </Unit69>
      <Unit70>
        <Filename Value="../../lazarus64/lcl/menus.pp"/>
        <UnitName Value="Menus"/>
        <EditorIndex Value="-1"/>
        <WindowIndex Value="1"/>
        <TopLine Value="410"/>
        <CursorPos X="3" Y="411"/>
        <UsageCount Value="3"/>
      </Unit70>
      <Unit71>
        <Filename Value="../../lazarus64/fpc/3.0.4/source/packages/univint/src/Debugging.pas"/>
        <EditorIndex Value="-1"/>
        <WindowIndex Value="1"/>
        <UsageCount Value="3"/>
      </Unit71>
      <Unit72>
        <Filename Value="debugger/debugging.pas"/>
        <EditorIndex Value="-1"/>
        <WindowIndex Value="1"/>
        <TopLine Value="18"/>
        <CursorPos X="7" Y="48"/>
        <UsageCount Value="8"/>
      </Unit72>
      <Unit73>
        <Filename Value="../core/basicTypes.pas"/>
        <EditorIndex Value="-1"/>
        <WindowIndex Value="1"/>
        <TopLine Value="29"/>
        <CursorPos X="8" Y="42"/>
        <UsageCount Value="16"/>
      </Unit73>
      <Unit74>
        <Filename Value="editors/workspace.inc"/>
        <EditorIndex Value="18"/>
        <WindowIndex Value="1"/>
        <TopLine Value="280"/>
        <CursorPos Y="319"/>
        <UsageCount Value="40"/>
        <Loaded Value="True"/>
      </Unit74>
      <Unit75>
        <Filename Value="output/synOutAdapter.pas"/>
        <IsPartOfProject Value="True"/>
        <EditorIndex Value="-1"/>
        <WindowIndex Value="1"/>
        <TopLine Value="39"/>
        <CursorPos X="16" Y="60"/>
        <UsageCount Value="51"/>
      </Unit75>
      <Unit76>
        <Filename Value="../core/out_adapters.pas"/>
        <IsPartOfProject Value="True"/>
        <EditorIndex Value="-1"/>
        <WindowIndex Value="1"/>
        <TopLine Value="31"/>
        <CursorPos X="15" Y="53"/>
        <UsageCount Value="125"/>
      </Unit76>
      <Unit77>
        <Filename Value="output/outputformunit.pas"/>
        <IsPartOfProject Value="True"/>
        <ComponentName Value="OutputForm"/>
        <HasResources Value="True"/>
        <ResourceBaseClass Value="Form"/>
        <UnitName Value="outputFormUnit"/>
        <IsVisibleTab Value="True"/>
        <EditorIndex Value="4"/>
        <WindowIndex Value="1"/>
        <TopLine Value="78"/>
        <CursorPos X="23" Y="90"/>
        <UsageCount Value="125"/>
        <Loaded Value="True"/>
        <LoadedDesigner Value="True"/>
      </Unit77>
      <Unit78>
        <Filename Value="assistant/assistanceformunit.pas"/>
        <IsPartOfProject Value="True"/>
        <ComponentName Value="AssistanceForm"/>
        <HasResources Value="True"/>
        <ResourceBaseClass Value="Form"/>
        <UnitName Value="assistanceFormUnit"/>
        <EditorIndex Value="17"/>
        <WindowIndex Value="1"/>
        <TopLine Value="2"/>
        <CursorPos X="84" Y="9"/>
        <UsageCount Value="119"/>
        <Loaded Value="True"/>
      </Unit78>
      <Unit79>
        <Filename Value="splash/mnh_splash.pas"/>
        <EditorIndex Value="-1"/>
        <WindowIndex Value="1"/>
        <TopLine Value="99"/>
        <CursorPos X="48" Y="114"/>
        <UsageCount Value="7"/>
      </Unit79>
      <Unit80>
        <Filename Value="debugger/debuggerforms.pas"/>
        <IsPartOfProject Value="True"/>
        <ComponentName Value="DebuggerForm"/>
        <HasResources Value="True"/>
        <ResourceBaseClass Value="Form"/>
        <UnitName Value="debuggerForms"/>
        <EditorIndex Value="3"/>
        <WindowIndex Value="1"/>
        <TopLine Value="7"/>
        <CursorPos Y="43"/>
        <UsageCount Value="118"/>
        <Loaded Value="True"/>
      </Unit80>
      <Unit81>
        <Filename Value="debugger/debuggingVar.pas"/>
        <EditorIndex Value="-1"/>
        <WindowIndex Value="1"/>
        <TopLine Value="16"/>
        <UsageCount Value="5"/>
      </Unit81>
      <Unit82>
        <Filename Value="../../lazarus64/fpc/3.0.4/source/rtl/win/sysutils.pp"/>
        <EditorIndex Value="-1"/>
        <WindowIndex Value="1"/>
        <CursorPos X="17" Y="8"/>
        <UsageCount Value="3"/>
      </Unit82>
      <Unit83>
        <Filename Value="../gui/backup/mnh_plotform.pas"/>
        <UnitName Value="mnh_plotForm"/>
        <EditorIndex Value="-1"/>
        <WindowIndex Value="1"/>
        <UsageCount Value="3"/>
      </Unit83>
      <Unit84>
        <Filename Value="debugger/breakpointsforms.pas"/>
        <IsPartOfProject Value="True"/>
        <ComponentName Value="BreakpointsForm"/>
        <HasResources Value="True"/>
        <ResourceBaseClass Value="Form"/>
        <UnitName Value="breakpointsForms"/>
        <EditorIndex Value="-1"/>
        <WindowIndex Value="1"/>
        <CursorPos X="58" Y="8"/>
        <UsageCount Value="117"/>
      </Unit84>
      <Unit85>
        <Filename Value="close/closedialog.pas"/>
        <UnitName Value="closeDialog"/>
        <EditorIndex Value="-1"/>
        <WindowIndex Value="1"/>
        <CursorPos X="14" Y="17"/>
        <UsageCount Value="4"/>
      </Unit85>
      <Unit86>
        <Filename Value="editors/savefile.pas"/>
        <IsPartOfProject Value="True"/>
        <ComponentName Value="SaveFileDialog"/>
        <HasResources Value="True"/>
        <ResourceBaseClass Value="Form"/>
        <UnitName Value="saveFile"/>
        <EditorIndex Value="16"/>
        <WindowIndex Value="1"/>
        <TopLine Value="85"/>
        <CursorPos X="4" Y="126"/>
        <UsageCount Value="116"/>
        <Loaded Value="True"/>
      </Unit86>
      <Unit87>
        <Filename Value="editors/searchModel.pas"/>
        <EditorIndex Value="-1"/>
        <WindowIndex Value="1"/>
        <TopLine Value="56"/>
        <CursorPos X="36" Y="91"/>
        <UsageCount Value="6"/>
      </Unit87>
      <Unit88>
        <Filename Value="../core/patterns.pas"/>
        <EditorIndex Value="-1"/>
        <WindowIndex Value="1"/>
        <TopLine Value="266"/>
        <CursorPos X="50" Y="283"/>
        <UsageCount Value="5"/>
      </Unit88>
      <Unit89>
        <Filename Value="debugger/debuggervarforms.pas"/>
        <IsPartOfProject Value="True"/>
        <ComponentName Value="DebuggerVarForm"/>
        <HasResources Value="True"/>
        <ResourceBaseClass Value="Form"/>
        <UnitName Value="debuggerVarForms"/>
        <EditorIndex Value="-1"/>
        <WindowIndex Value="1"/>
        <CursorPos Y="35"/>
        <UsageCount Value="111"/>
      </Unit89>
      <Unit90>
        <Filename Value="../../lazarus64/components/synedit/syneditmarks.pp"/>
        <UnitName Value="SynEditMarks"/>
        <EditorIndex Value="-1"/>
        <WindowIndex Value="1"/>
        <TopLine Value="397"/>
        <CursorPos Y="431"/>
        <UsageCount Value="12"/>
      </Unit90>
      <Unit91>
        <Filename Value="../common/mySys.pas"/>
        <IsPartOfProject Value="True"/>
        <EditorIndex Value="-1"/>
        <WindowIndex Value="1"/>
        <TopLine Value="502"/>
        <CursorPos X="14" Y="523"/>
        <UsageCount Value="106"/>
      </Unit91>
      <Unit92>
        <Filename Value="ask/customrundialog.pas"/>
        <ComponentName Value="CustomRunForm"/>
        <HasResources Value="True"/>
        <ResourceBaseClass Value="Form"/>
        <UnitName Value="customRunDialog"/>
        <EditorIndex Value="-1"/>
        <WindowIndex Value="1"/>
        <TopLine Value="128"/>
        <CursorPos X="35" Y="165"/>
        <UsageCount Value="7"/>
      </Unit92>
      <Unit93>
        <Filename Value="plot/mnh_plotData.pas"/>
        <EditorIndex Value="-1"/>
        <WindowIndex Value="1"/>
        <TopLine Value="23"/>
        <CursorPos Y="23"/>
        <UsageCount Value="5"/>
      </Unit93>
      <Unit94>
        <Filename Value="../../lazarus64/lcl/include/application.inc"/>
        <EditorIndex Value="-1"/>
        <WindowIndex Value="1"/>
        <TopLine Value="492"/>
        <CursorPos X="32" Y="500"/>
        <UsageCount Value="7"/>
      </Unit94>
      <Unit95>
        <Filename Value="../../lazarus64/components/lazutils/laztracer.pas"/>
        <UnitName Value="LazTracer"/>
        <EditorIndex Value="-1"/>
        <WindowIndex Value="1"/>
        <TopLine Value="28"/>
        <CursorPos Y="50"/>
        <UsageCount Value="7"/>
      </Unit95>
      <Unit96>
        <Filename Value="../../lazarus64/lcl/include/control.inc"/>
        <EditorIndex Value="21"/>
        <WindowIndex Value="1"/>
        <TopLine Value="3395"/>
        <CursorPos Y="3417"/>
        <UsageCount Value="23"/>
        <Loaded Value="True"/>
      </Unit96>
      <Unit97>
        <Filename Value="editors/mnhCompletion.pas"/>
        <EditorIndex Value="-1"/>
        <WindowIndex Value="1"/>
        <TopLine Value="4"/>
        <CursorPos X="15" Y="26"/>
        <UsageCount Value="4"/>
      </Unit97>
      <Unit98>
        <Filename Value="customForms/component_inputMemo.inc"/>
        <EditorIndex Value="-1"/>
        <WindowIndex Value="1"/>
        <TopLine Value="7"/>
        <CursorPos Y="49"/>
        <UsageCount Value="4"/>
      </Unit98>
      <Unit99>
        <Filename Value="assistant/helperforms.pas"/>
        <IsPartOfProject Value="True"/>
        <ComponentName Value="HelpForm"/>
        <HasResources Value="True"/>
        <ResourceBaseClass Value="Form"/>
        <UnitName Value="helperForms"/>
        <EditorIndex Value="-1"/>
        <WindowIndex Value="1"/>
        <CursorPos X="26" Y="9"/>
        <UsageCount Value="92"/>
      </Unit99>
      <Unit100>
        <Filename Value="../core/tokenArray.pas"/>
        <EditorIndex Value="-1"/>
        <WindowIndex Value="1"/>
        <TopLine Value="397"/>
        <CursorPos X="44" Y="359"/>
        <UsageCount Value="4"/>
      </Unit100>
      <Unit101>
        <Filename Value="quick/quickevalforms.pas"/>
        <IsPartOfProject Value="True"/>
        <ComponentName Value="QuickEvalForm"/>
        <HasResources Value="True"/>
        <ResourceBaseClass Value="Form"/>
        <UnitName Value="quickEvalForms"/>
        <EditorIndex Value="5"/>
        <WindowIndex Value="1"/>
        <TopLine Value="2"/>
        <CursorPos X="7" Y="78"/>
        <UsageCount Value="62"/>
        <Loaded Value="True"/>
        <LoadedDesigner Value="True"/>
      </Unit101>
      <Unit102>
        <Filename Value="../../lazarus64/components/synedit/lazsynedittext.pas"/>
        <UnitName Value="LazSynEditText"/>
        <EditorIndex Value="-1"/>
        <WindowIndex Value="1"/>
        <TopLine Value="1129"/>
        <CursorPos Y="1151"/>
        <UsageCount Value="7"/>
      </Unit102>
      <Unit103>
        <Filename Value="../../lazarus64/lcl/include/scrollingwincontrol.inc"/>
        <EditorIndex Value="-1"/>
        <WindowIndex Value="1"/>
        <TopLine Value="73"/>
        <CursorPos Y="95"/>
        <UsageCount Value="7"/>
      </Unit103>
      <Unit104>
        <Filename Value="../core/mnh_messages.pas"/>
        <IsPartOfProject Value="True"/>
        <EditorIndex Value="-1"/>
        <WindowIndex Value="1"/>
        <TopLine Value="180"/>
        <CursorPos X="39" Y="217"/>
        <UsageCount Value="56"/>
      </Unit104>
      <Unit105>
        <Filename Value="../core/code_hash.inc"/>
        <EditorIndex Value="-1"/>
        <WindowIndex Value="1"/>
        <CursorPos X="12"/>
        <UsageCount Value="7"/>
      </Unit105>
      <Unit106>
        <Filename Value="../core/litvar.pas"/>
        <IsPartOfProject Value="True"/>
        <UnitName Value="litVar"/>
        <EditorIndex Value="-1"/>
        <WindowIndex Value="1"/>
        <TopLine Value="591"/>
        <CursorPos Y="614"/>
        <UsageCount Value="56"/>
      </Unit106>
      <Unit107>
        <Filename Value="../../lazarus64/fpc/3.0.4/source/rtl/objpas/typinfo.pp"/>
        <EditorIndex Value="-1"/>
        <WindowIndex Value="1"/>
        <TopLine Value="1098"/>
        <CursorPos X="18" Y="1150"/>
        <UsageCount Value="7"/>
      </Unit107>
      <Unit108>
        <Filename Value="../../lazarus64/fpc/3.0.4/source/rtl/objpas/classes/stringl.inc"/>
        <EditorIndex Value="-1"/>
        <WindowIndex Value="1"/>
        <TopLine Value="571"/>
        <CursorPos X="3" Y="574"/>
        <UsageCount Value="13"/>
      </Unit108>
      <Unit109>
        <Filename Value="../../lazarus64/lcl/stdctrls.pp"/>
        <UnitName Value="StdCtrls"/>
        <EditorIndex Value="-1"/>
        <WindowIndex Value="1"/>
        <TopLine Value="1220"/>
        <CursorPos X="14" Y="1242"/>
        <UsageCount Value="11"/>
      </Unit109>
      <Unit110>
        <Filename Value="../../lazarus64/lcl/interfaces/win32/win32callback.inc"/>
        <EditorIndex Value="-1"/>
        <WindowIndex Value="1"/>
        <TopLine Value="63"/>
        <CursorPos Y="84"/>
        <UsageCount Value="11"/>
      </Unit110>
      <Unit111>
        <Filename Value="editors/openfile.pas"/>
        <IsPartOfProject Value="True"/>
        <ComponentName Value="openFileDialog"/>
        <ResourceBaseClass Value="Form"/>
        <UnitName Value="openFile"/>
        <EditorIndex Value="8"/>
        <WindowIndex Value="1"/>
        <TopLine Value="24"/>
        <CursorPos Y="46"/>
        <UsageCount Value="43"/>
        <Loaded Value="True"/>
      </Unit111>
      <Unit112>
        <Filename Value="ipcModel.pas"/>
        <IsPartOfProject Value="True"/>
        <EditorIndex Value="10"/>
        <WindowIndex Value="1"/>
        <CursorPos X="24" Y="11"/>
        <UsageCount Value="40"/>
        <Loaded Value="True"/>
      </Unit112>
      <Unit113>
        <Filename Value="../../lazarus64/components/synedit/syneditlines.pas"/>
        <UnitName Value="SynEditLines"/>
        <EditorIndex Value="15"/>
        <WindowIndex Value="1"/>
        <TopLine Value="294"/>
        <CursorPos Y="316"/>
        <UsageCount Value="18"/>
        <Loaded Value="True"/>
      </Unit113>
      <Unit114>
        <Filename Value="../../lazarus64/fpc/3.0.4/source/rtl/objpas/types.pp"/>
        <UnitName Value="Types"/>
        <EditorIndex Value="14"/>
        <WindowIndex Value="1"/>
        <TopLine Value="280"/>
        <CursorPos X="39" Y="316"/>
        <UsageCount Value="10"/>
        <Loaded Value="True"/>
      </Unit114>
    </Units>
    <JumpHistory Count="30" HistoryIndex="29">
      <Position1>
        <Filename Value="../../lazarus64/fpc/3.0.4/source/rtl/objpas/types.pp"/>
        <Caret Line="117" Column="37" TopLine="81"/>
      </Position1>
      <Position2>
        <Filename Value="../../lazarus64/fpc/3.0.4/source/rtl/objpas/types.pp"/>
        <Caret Line="119" Column="54" TopLine="83"/>
      </Position2>
      <Position3>
        <Filename Value="../../lazarus64/fpc/3.0.4/source/rtl/objpas/types.pp"/>
        <Caret Line="120" Column="55" TopLine="84"/>
      </Position3>
      <Position4>
        <Filename Value="../../lazarus64/fpc/3.0.4/source/rtl/objpas/types.pp"/>
        <Caret Line="121" Column="64" TopLine="85"/>
      </Position4>
      <Position5>
        <Filename Value="../../lazarus64/fpc/3.0.4/source/rtl/objpas/types.pp"/>
        <Caret Line="122" Column="64" TopLine="86"/>
      </Position5>
      <Position6>
        <Filename Value="../../lazarus64/fpc/3.0.4/source/rtl/objpas/types.pp"/>
        <Caret Line="123" Column="58" TopLine="87"/>
      </Position6>
      <Position7>
        <Filename Value="../../lazarus64/fpc/3.0.4/source/rtl/objpas/types.pp"/>
        <Caret Line="124" Column="53" TopLine="88"/>
      </Position7>
      <Position8>
        <Filename Value="../../lazarus64/fpc/3.0.4/source/rtl/objpas/types.pp"/>
        <Caret Line="125" Column="74" TopLine="89"/>
      </Position8>
      <Position9>
        <Filename Value="../../lazarus64/fpc/3.0.4/source/rtl/objpas/types.pp"/>
        <Caret Line="126" Column="74" TopLine="90"/>
      </Position9>
      <Position10>
        <Filename Value="../../lazarus64/fpc/3.0.4/source/rtl/objpas/types.pp"/>
        <Caret Line="147" Column="38" TopLine="111"/>
      </Position10>
      <Position11>
        <Filename Value="editors/editorMeta.pas"/>
        <Caret Line="560" TopLine="544"/>
      </Position11>
      <Position12>
        <Filename Value="editors/editorMeta.pas"/>
        <Caret Line="189" Column="52" TopLine="167"/>
      </Position12>
      <Position13>
        <Filename Value="idemain.pas"/>
        <Caret Line="276" Column="62" TopLine="260"/>
      </Position13>
      <Position14>
        <Filename Value="ide.lpr"/>
        <Caret Line="4" Column="2"/>
      </Position14>
      <Position15>
        <Filename Value="idemain.pas"/>
        <Caret Line="277" TopLine="260"/>
      </Position15>
      <Position16>
        <Filename Value="idemain.pas"/>
        <Caret Line="249" TopLine="227"/>
      </Position16>
      <Position17>
        <Filename Value="debugger/debuggerforms.pas"/>
        <Caret Line="43" TopLine="7"/>
      </Position17>
      <Position18>
        <Filename Value="output/outputformunit.pas"/>
        <Caret Line="9" Column="87"/>
      </Position18>
      <Position19>
        <Filename Value="output/outputformunit.pas"/>
        <Caret Line="83" Column="46" TopLine="71"/>
      </Position19>
      <Position20>
        <Filename Value="output/outputformunit.pas"/>
        <Caret Line="78" Column="23" TopLine="63"/>
      </Position20>
      <Position21>
        <Filename Value="output/outputformunit.pas"/>
        <Caret Line="86" TopLine="43"/>
      </Position21>
      <Position22>
        <Filename Value="output/outputformunit.pas"/>
        <Caret Line="71" Column="5" TopLine="43"/>
      </Position22>
      <Position23>
        <Filename Value="quick/quickevalforms.pas"/>
        <Caret Line="9" Column="83"/>
      </Position23>
      <Position24>
        <Filename Value="quick/quickevalforms.pas"/>
        <Caret Line="10" Column="15" TopLine="28"/>
      </Position24>
      <Position25>
        <Filename Value="editors/editormetabase.pas"/>
        <Caret Line="318" TopLine="297"/>
      </Position25>
      <Position26>
        <Filename Value="quick/quickevalforms.pas"/>
        <Caret Line="72" TopLine="43"/>
      </Position26>
      <Position27>
        <Filename Value="quick/quickevalforms.pas"/>
        <Caret Line="81" Column="13" TopLine="43"/>
      </Position27>
      <Position28>
        <Filename Value="../../lazarus64/lcl/include/wincontrol.inc"/>
        <Caret Line="3500" Column="22" TopLine="3488"/>
      </Position28>
      <Position29>
        <Filename Value="quick/quickevalforms.pas"/>
        <Caret Line="66" Column="29" TopLine="44"/>
      </Position29>
      <Position30>
        <Filename Value="quick/quickevalforms.pas"/>
        <Caret Line="56" TopLine="46"/>
      </Position30>
    </JumpHistory>
  </ProjectOptions>
  <CompilerOptions>
    <Version Value="11"/>
    <Target>
      <Filename Value="mnh_debug"/>
    </Target>
    <SearchPaths>
      <IncludeFiles Value="../core"/>
      <OtherUnitFiles Value="settings;../common;../core;../3rd_party;plot;editors;assistant;close;tables;vartree;outline;output;customForms;ask;debugger;splash;quick"/>
      <UnitOutputDirectory Value="C:/dev/mnh5/ide/compilates"/>
    </SearchPaths>
    <Parsing>
      <SyntaxOptions>
        <IncludeAssertionCode Value="True"/>
        <AllowLabel Value="False"/>
      </SyntaxOptions>
    </Parsing>
    <CodeGeneration>
      <Checks>
        <IOChecks Value="True"/>
        <RangeChecks Value="True"/>
        <OverflowChecks Value="True"/>
        <StackChecks Value="True"/>
      </Checks>
      <VerifyObjMethodCallValidity Value="True"/>
      <Optimizations>
        <OptimizationLevel Value="0"/>
      </Optimizations>
    </CodeGeneration>
    <Linking>
      <Debugging>
        <UseHeaptrc Value="True"/>
      </Debugging>
    </Linking>
    <Other>
      <Verbosity>
        <ShoLineNum Value="True"/>
        <ShowHintsForUnusedUnitsInMainSrc Value="True"/>
      </Verbosity>
      <WriteFPCLogo Value="False"/>
      <CustomOptions Value="-dfullVersion
-dVerboseDocking
-ddebugMode"/>
    </Other>
  </CompilerOptions>
  <Debugging>
    <BreakPoints Count="3">
      <Item1>
        <Kind Value="bpkSource"/>
        <WatchScope Value="wpsLocal"/>
        <WatchKind Value="wpkWrite"/>
        <Source Value="editors/editorMeta.pas"/>
        <Line Value="465"/>
      </Item1>
      <Item2>
        <Kind Value="bpkSource"/>
        <WatchScope Value="wpsLocal"/>
        <WatchKind Value="wpkWrite"/>
        <Source Value="idemain.pas"/>
        <Line Value="282"/>
      </Item2>
      <Item3>
        <Kind Value="bpkSource"/>
        <WatchScope Value="wpsLocal"/>
        <WatchKind Value="wpkWrite"/>
        <Source Value="editors/editorMeta.pas"/>
        <Line Value="485"/>
      </Item3>
    </BreakPoints>
    <Exceptions Count="7">
      <Item1>
        <Name Value="EAbort"/>
      </Item1>
      <Item2>
        <Name Value="ECodetoolError"/>
      </Item2>
      <Item3>
        <Name Value="EFOpenError"/>
      </Item3>
      <Item4>
        <Name Value="EInvalidOperation"/>
      </Item4>
      <Item5>
        <Name Value="EAbstractError"/>
      </Item5>
      <Item6>
        <Name Value="ERegExpr"/>
      </Item6>
      <Item7>
        <Name Value="RunError(210)"/>
      </Item7>
    </Exceptions>
  </Debugging>
</CONFIG>
