<?xml version="1.0" encoding="UTF-8"?>
<CONFIG>
  <ProjectOptions>
    <Version Value="11"/>
    <General>
      <Flags>
        <LRSInOutputDirectory Value="False"/>
      </Flags>
      <MainUnit Value="0"/>
      <Title Value="ide"/>
      <UseAppBundle Value="False"/>
      <ResourceType Value="res"/>
      <UseXPManifest Value="True"/>
      <Icon Value="0"/>
    </General>
    <VersionInfo>
      <Language Value=""/>
      <CharSet Value=""/>
    </VersionInfo>
    <BuildModes Count="1">
      <Item1 Name="default" Default="True"/>
    </BuildModes>
    <PublishOptions>
      <Version Value="2"/>
    </PublishOptions>
    <RunParams>
      <FormatVersion Value="2"/>
      <Modes Count="1">
        <Mode0 Name="default"/>
      </Modes>
    </RunParams>
    <RequiredPackages Count="2">
      <Item1>
        <PackageName Value="SynEdit"/>
      </Item1>
      <Item2>
        <PackageName Value="LCL"/>
      </Item2>
    </RequiredPackages>
    <Units Count="62">
      <Unit0>
        <Filename Value="ide.lpr"/>
        <IsPartOfProject Value="True"/>
        <EditorIndex Value="-1"/>
        <WindowIndex Value="1"/>
        <CursorPos X="44" Y="12"/>
        <UsageCount Value="144"/>
      </Unit0>
      <Unit1>
        <Filename Value="idemain.pas"/>
        <IsPartOfProject Value="True"/>
        <ComponentName Value="IdeMainForm"/>
        <HasResources Value="True"/>
        <ResourceBaseClass Value="Form"/>
        <UnitName Value="ideMain"/>
        <EditorIndex Value="9"/>
        <WindowIndex Value="1"/>
        <TopLine Value="65"/>
        <CursorPos X="67" Y="82"/>
        <UsageCount Value="144"/>
        <Loaded Value="True"/>
      </Unit1>
      <Unit2>
        <Filename Value="../../lcl/ldocktree.pas"/>
        <UnitName Value="LDockTree"/>
        <TopLine Value="1564"/>
        <CursorPos X="84" Y="1598"/>
        <UsageCount Value="32"/>
        <Bookmarks Count="1">
          <Item0 X="18" Y="1302" ID="2"/>
        </Bookmarks>
      </Unit2>
      <Unit3>
        <Filename Value="../../lcl/include/control.inc"/>
        <TopLine Value="1360"/>
        <CursorPos Y="1377"/>
        <UsageCount Value="32"/>
      </Unit3>
      <Unit4>
        <Filename Value="../../lcl/include/wincontrol.inc"/>
        <EditorIndex Value="-1"/>
        <WindowIndex Value="1"/>
        <TopLine Value="6358"/>
        <CursorPos X="10" Y="6373"/>
        <UsageCount Value="34"/>
      </Unit4>
      <Unit5>
        <Filename Value="../../lcl/controls.pp"/>
        <UnitName Value="Controls"/>
        <EditorIndex Value="-1"/>
        <WindowIndex Value="1"/>
        <TopLine Value="414"/>
        <CursorPos X="31" Y="447"/>
        <UsageCount Value="48"/>
      </Unit5>
      <Unit6>
        <Filename Value="../../lcl/include/customform.inc"/>
        <TopLine Value="2158"/>
        <CursorPos Y="2175"/>
        <UsageCount Value="32"/>
      </Unit6>
      <Unit7>
        <Filename Value="../../lcl/include/scrollingwincontrol.inc"/>
        <TopLine Value="49"/>
        <CursorPos X="7" Y="58"/>
        <UsageCount Value="32"/>
      </Unit7>
      <Unit8>
        <Filename Value="../../lcl/include/dockzone.inc"/>
        <TopLine Value="226"/>
        <CursorPos X="41" Y="249"/>
        <UsageCount Value="29"/>
      </Unit8>
      <Unit9>
        <Filename Value="../../lcl/lclproc.pas"/>
        <UnitName Value="LCLProc"/>
        <TopLine Value="1480"/>
        <CursorPos Y="1497"/>
        <UsageCount Value="28"/>
      </Unit9>
      <Unit10>
        <Filename Value="../../lcl/include/docktree.inc"/>
        <CursorPos X="3"/>
        <UsageCount Value="31"/>
      </Unit10>
      <Unit11>
        <Filename Value="../../lcl/extctrls.pp"/>
        <UnitName Value="ExtCtrls"/>
        <TopLine Value="441"/>
        <CursorPos X="5" Y="452"/>
        <UsageCount Value="3"/>
      </Unit11>
      <Unit12>
        <Filename Value="../../lcl/include/customsplitter.inc"/>
        <CursorPos X="3" Y="35"/>
        <UsageCount Value="3"/>
      </Unit12>
      <Unit13>
        <Filename Value="../../lcl/helpintfs.pas"/>
        <UnitName Value="HelpIntfs"/>
        <EditorIndex Value="-1"/>
        <WindowIndex Value="1"/>
        <CursorPos X="80" Y="8"/>
        <UsageCount Value="4"/>
      </Unit13>
      <Unit14>
        <Filename Value="../../lcl/lazhelphtml.pas"/>
        <UnitName Value="LazHelpHTML"/>
        <TopLine Value="35"/>
        <CursorPos X="3" Y="52"/>
        <UsageCount Value="4"/>
      </Unit14>
      <Unit15>
        <Filename Value="../../fpc/3.0.4/source/rtl/inc/objpash.inc"/>
        <EditorIndex Value="-1"/>
        <WindowIndex Value="1"/>
        <TopLine Value="180"/>
        <CursorPos X="26" Y="206"/>
        <UsageCount Value="9"/>
      </Unit15>
      <Unit16>
        <Filename Value="../../lcl/lclclasses.pp"/>
        <UnitName Value="LCLClasses"/>
        <EditorIndex Value="-1"/>
        <WindowIndex Value="1"/>
        <TopLine Value="202"/>
        <CursorPos Y="202"/>
        <UsageCount Value="8"/>
      </Unit16>
      <Unit17>
        <Filename Value="../../fpc/3.0.4/source/rtl/objpas/classes/classesh.inc"/>
        <EditorIndex Value="-1"/>
        <WindowIndex Value="1"/>
        <TopLine Value="1820"/>
        <CursorPos X="16" Y="1841"/>
        <UsageCount Value="8"/>
      </Unit17>
      <Unit18>
        <Filename Value="../../lcl/include/dragobject.inc"/>
        <EditorIndex Value="-1"/>
        <WindowIndex Value="1"/>
        <TopLine Value="63"/>
        <CursorPos X="3" Y="65"/>
        <UsageCount Value="8"/>
      </Unit18>
      <Unit19>
        <Filename Value="../../lazarus64/lcl/controls.pp"/>
        <UnitName Value="Controls"/>
        <EditorIndex Value="-1"/>
        <WindowIndex Value="1"/>
        <TopLine Value="412"/>
        <CursorPos X="78" Y="434"/>
        <UsageCount Value="9"/>
      </Unit19>
      <Unit20>
        <Filename Value="../../lazarus64/lcl/forms.pp"/>
        <UnitName Value="Forms"/>
        <EditorIndex Value="-1"/>
        <WindowIndex Value="1"/>
        <TopLine Value="801"/>
        <CursorPos X="14" Y="821"/>
        <UsageCount Value="9"/>
      </Unit20>
      <Unit21>
        <Filename Value="../../lazarus64/lcl/include/customform.inc"/>
        <EditorIndex Value="-1"/>
        <WindowIndex Value="1"/>
        <TopLine Value="2070"/>
        <CursorPos X="73" Y="2080"/>
        <UsageCount Value="8"/>
      </Unit21>
      <Unit22>
        <Filename Value="../../lazarus64/lcl/include/dragobject.inc"/>
        <EditorIndex Value="-1"/>
        <WindowIndex Value="1"/>
        <TopLine Value="56"/>
        <CursorPos X="4" Y="59"/>
        <UsageCount Value="9"/>
      </Unit22>
      <Unit23>
        <Filename Value="../../lazarus64/lcl/include/wincontrol.inc"/>
        <EditorIndex Value="-1"/>
        <WindowIndex Value="1"/>
        <TopLine Value="8058"/>
        <CursorPos X="3" Y="8064"/>
        <UsageCount Value="9"/>
      </Unit23>
      <Unit24>
        <Filename Value="idelayoututil.pas"/>
        <IsPartOfProject Value="True"/>
        <UnitName Value="ideLayoutUtil"/>
        <EditorIndex Value="8"/>
        <WindowIndex Value="1"/>
        <TopLine Value="15"/>
        <CursorPos X="7" Y="44"/>
        <UsageCount Value="50"/>
        <Loaded Value="True"/>
      </Unit24>
      <Unit25>
        <Filename Value="../../lazarus64/lcl/comctrls.pp"/>
        <UnitName Value="ComCtrls"/>
        <EditorIndex Value="-1"/>
        <WindowIndex Value="1"/>
        <TopLine Value="551"/>
        <CursorPos X="3" Y="573"/>
        <UsageCount Value="8"/>
      </Unit25>
      <Unit26>
        <Filename Value="../../lazarus64/fpc/3.0.4/source/rtl/objpas/classes/classesh.inc"/>
        <EditorIndex Value="-1"/>
        <WindowIndex Value="1"/>
        <TopLine Value="2"/>
        <CursorPos X="4" Y="24"/>
        <UsageCount Value="8"/>
      </Unit26>
      <Unit27>
        <Filename Value="../../lazarus64/fpc/3.0.4/source/rtl/objpas/sysutils/syshelph.inc"/>
        <EditorIndex Value="-1"/>
        <WindowIndex Value="1"/>
        <TopLine Value="66"/>
        <CursorPos X="14" Y="87"/>
        <UsageCount Value="8"/>
      </Unit27>
      <Unit28>
        <Filename Value="settings/mnh_gui_settings.pas"/>
        <EditorIndex Value="4"/>
        <WindowIndex Value="1"/>
        <TopLine Value="59"/>
        <CursorPos X="23" Y="96"/>
        <UsageCount Value="11"/>
        <Loaded Value="True"/>
      </Unit28>
      <Unit29>
        <Filename Value="../core/contexts.pas"/>
        <EditorIndex Value="-1"/>
        <WindowIndex Value="1"/>
        <CursorPos X="47" Y="19"/>
        <UsageCount Value="8"/>
      </Unit29>
      <Unit30>
        <Filename Value="mnh_doc.pas"/>
        <EditorIndex Value="-1"/>
        <WindowIndex Value="1"/>
        <TopLine Value="469"/>
        <CursorPos X="4" Y="491"/>
        <UsageCount Value="8"/>
      </Unit30>
      <Unit31>
        <Filename Value="mnh_html.pas"/>
        <EditorIndex Value="-1"/>
        <WindowIndex Value="1"/>
        <CursorPos X="73" Y="11"/>
        <UsageCount Value="8"/>
      </Unit31>
      <Unit32>
        <Filename Value="../core/tokens.pas"/>
        <EditorIndex Value="-1"/>
        <WindowIndex Value="1"/>
        <UsageCount Value="8"/>
      </Unit32>
      <Unit33>
        <Filename Value="../core/valueStore.pas"/>
        <EditorIndex Value="-1"/>
        <WindowIndex Value="1"/>
        <CursorPos X="42" Y="11"/>
        <UsageCount Value="8"/>
      </Unit33>
      <Unit34>
        <Filename Value="debuggingVar.pas"/>
        <EditorIndex Value="-1"/>
        <WindowIndex Value="1"/>
        <CursorPos X="6" Y="7"/>
        <UsageCount Value="8"/>
      </Unit34>
      <Unit35>
        <Filename Value="../core/packages.pas"/>
        <EditorIndex Value="-1"/>
        <WindowIndex Value="1"/>
        <TopLine Value="465"/>
        <CursorPos X="4" Y="487"/>
        <UsageCount Value="8"/>
      </Unit35>
      <Unit36>
        <Filename Value="plot/funcs_plot.pas"/>
        <EditorIndex Value="-1"/>
        <WindowIndex Value="1"/>
        <CursorPos X="2" Y="20"/>
        <UsageCount Value="8"/>
      </Unit36>
      <Unit37>
        <Filename Value="editors/editorMeta.pas"/>
        <IsPartOfProject Value="True"/>
        <IsVisibleTab Value="True"/>
        <WindowIndex Value="1"/>
        <TopLine Value="382"/>
        <CursorPos Y="403"/>
        <UsageCount Value="44"/>
        <Loaded Value="True"/>
      </Unit37>
      <Unit38>
        <Filename Value="synhighlightermnh.pas"/>
        <UnitName Value="SynHighlighterMnh"/>
        <EditorIndex Value="-1"/>
        <WindowIndex Value="1"/>
        <TopLine Value="4"/>
        <CursorPos X="3" Y="12"/>
        <UsageCount Value="8"/>
      </Unit38>
      <Unit39>
        <Filename Value="tables/mnh_tables.pas"/>
        <EditorIndex Value="-1"/>
        <WindowIndex Value="1"/>
        <TopLine Value="23"/>
        <CursorPos Y="46"/>
        <UsageCount Value="8"/>
      </Unit39>
      <Unit40>
        <Filename Value="vartree/variabletreeviews.pas"/>
        <UnitName Value="variableTreeViews"/>
        <EditorIndex Value="-1"/>
        <WindowIndex Value="1"/>
        <CursorPos Y="18"/>
        <UsageCount Value="8"/>
      </Unit40>
      <Unit41>
        <Filename Value="plot/mnh_plotform.pas"/>
        <UnitName Value="mnh_plotForm"/>
        <EditorIndex Value="-1"/>
        <WindowIndex Value="1"/>
        <TopLine Value="173"/>
        <CursorPos Y="195"/>
        <UsageCount Value="8"/>
      </Unit41>
      <Unit42>
        <Filename Value="output/guiOutAdapters.pas"/>
        <EditorIndex Value="-1"/>
        <WindowIndex Value="1"/>
        <CursorPos X="40" Y="12"/>
        <UsageCount Value="8"/>
      </Unit42>
      <Unit43>
        <Filename Value="customForms/mnhcustomform.pas"/>
        <UnitName Value="mnhCustomForm"/>
        <EditorIndex Value="-1"/>
        <WindowIndex Value="1"/>
        <TopLine Value="411"/>
        <CursorPos Y="448"/>
        <UsageCount Value="8"/>
      </Unit43>
      <Unit44>
        <Filename Value="editors/editormetabase.pas"/>
        <UnitName Value="editorMetaBase"/>
        <EditorIndex Value="10"/>
        <WindowIndex Value="1"/>
        <TopLine Value="256"/>
        <CursorPos X="5" Y="259"/>
        <UsageCount Value="12"/>
        <Loaded Value="True"/>
      </Unit44>
      <Unit45>
        <Filename Value="customForms/component_checkbox.inc"/>
        <EditorIndex Value="-1"/>
        <WindowIndex Value="1"/>
        <CursorPos Y="22"/>
        <UsageCount Value="8"/>
      </Unit45>
      <Unit46>
        <Filename Value="customForms/component_button.inc"/>
        <EditorIndex Value="-1"/>
        <WindowIndex Value="1"/>
        <CursorPos Y="22"/>
        <UsageCount Value="8"/>
      </Unit46>
      <Unit47>
        <Filename Value="customForms/component_edit.inc"/>
        <EditorIndex Value="-1"/>
        <WindowIndex Value="1"/>
        <TopLine Value="31"/>
        <CursorPos Y="53"/>
        <UsageCount Value="8"/>
      </Unit47>
      <Unit48>
        <Filename Value="customForms/component_combobox.inc"/>
        <EditorIndex Value="-1"/>
        <WindowIndex Value="1"/>
        <TopLine Value="51"/>
        <CursorPos Y="73"/>
        <UsageCount Value="8"/>
      </Unit48>
      <Unit49>
        <Filename Value="customForms/component_outputMemo.inc"/>
        <EditorIndex Value="-1"/>
        <WindowIndex Value="1"/>
        <TopLine Value="3"/>
        <CursorPos Y="25"/>
        <UsageCount Value="8"/>
      </Unit49>
      <Unit50>
        <Filename Value="ask/askdialog.pas"/>
        <ComponentName Value="askForm"/>
        <HasResources Value="True"/>
        <ResourceBaseClass Value="Form"/>
        <UnitName Value="askDialog"/>
        <EditorIndex Value="-1"/>
        <WindowIndex Value="1"/>
        <TopLine Value="82"/>
        <CursorPos X="73" Y="87"/>
        <UsageCount Value="8"/>
      </Unit50>
      <Unit51>
        <Filename Value="editors/editorform.pas"/>
        <IsPartOfProject Value="True"/>
        <ComponentName Value="editForm"/>
        <HasResources Value="True"/>
        <ResourceBaseClass Value="Form"/>
        <UnitName Value="editorForm"/>
        <EditorIndex Value="14"/>
        <WindowIndex Value="1"/>
        <CursorPos Y="19"/>
        <UsageCount Value="44"/>
        <Loaded Value="True"/>
        <LoadedDesigner Value="True"/>
      </Unit51>
      <Unit52>
        <Filename Value="../common/serializationUtil.pas"/>
        <IsPartOfProject Value="True"/>
        <EditorIndex Value="13"/>
        <WindowIndex Value="1"/>
        <UsageCount Value="44"/>
        <Loaded Value="True"/>
      </Unit52>
      <Unit53>
        <Filename Value="../common/myGenerics.pas"/>
        <IsPartOfProject Value="True"/>
        <EditorIndex Value="12"/>
        <WindowIndex Value="1"/>
        <UsageCount Value="44"/>
        <Loaded Value="True"/>
      </Unit53>
      <Unit54>
        <Filename Value="../common/myStringUtil.pas"/>
        <IsPartOfProject Value="True"/>
        <EditorIndex Value="11"/>
        <WindowIndex Value="1"/>
        <UsageCount Value="44"/>
        <Loaded Value="True"/>
      </Unit54>
      <Unit55>
        <Filename Value="outline/outlineformunit.pas"/>
        <IsPartOfProject Value="True"/>
        <ComponentName Value="OutlineForm"/>
        <HasResources Value="True"/>
        <ResourceBaseClass Value="Form"/>
        <UnitName Value="outlines"/>
        <EditorIndex Value="2"/>
        <WindowIndex Value="1"/>
        <TopLine Value="20"/>
        <CursorPos X="5" Y="54"/>
        <UsageCount Value="24"/>
        <Bookmarks Count="1">
          <Item0 X="5" Y="261" ID="1"/>
        </Bookmarks>
        <Loaded Value="True"/>
        <LoadedDesigner Value="True"/>
      </Unit55>
      <Unit56>
        <Filename Value="../../lazarus64/fpc/3.0.4/source/packages/fv/src/outline.pas"/>
        <EditorIndex Value="7"/>
        <WindowIndex Value="1"/>
        <UsageCount Value="11"/>
        <Loaded Value="True"/>
      </Unit56>
      <Unit57>
        <Filename Value="outline/outlines.pas"/>
        <EditorIndex Value="-1"/>
        <WindowIndex Value="1"/>
        <TopLine Value="257"/>
        <CursorPos Y="300"/>
        <UsageCount Value="10"/>
      </Unit57>
      <Unit58>
        <Filename Value="../core/mnh_settings.pas"/>
        <EditorIndex Value="3"/>
        <WindowIndex Value="1"/>
        <TopLine Value="51"/>
        <CursorPos X="5" Y="73"/>
        <UsageCount Value="11"/>
        <Loaded Value="True"/>
      </Unit58>
      <Unit59>
        <Filename Value="assistant/codeassistance.pas"/>
        <IsPartOfProject Value="True"/>
        <ComponentName Value="AssistanceForm"/>
        <ResourceBaseClass Value="Form"/>
        <EditorIndex Value="1"/>
        <WindowIndex Value="1"/>
        <TopLine Value="87"/>
        <CursorPos X="7" Y="118"/>
        <UsageCount Value="22"/>
        <Loaded Value="True"/>
        <LoadedDesigner Value="True"/>
      </Unit59>
      <Unit60>
        <Filename Value="../../lazarus64/lcl/dialogs.pp"/>
        <UnitName Value="Dialogs"/>
        <EditorIndex Value="5"/>
        <WindowIndex Value="1"/>
        <TopLine Value="373"/>
        <CursorPos X="14" Y="395"/>
        <UsageCount Value="11"/>
        <Loaded Value="True"/>
      </Unit60>
      <Unit61>
        <Filename Value="../../lazarus64/lcl/graphics.pp"/>
        <UnitName Value="Graphics"/>
        <EditorIndex Value="6"/>
        <WindowIndex Value="1"/>
        <TopLine Value="459"/>
        <CursorPos X="3" Y="481"/>
        <UsageCount Value="11"/>
        <Loaded Value="True"/>
      </Unit61>
    </Units>
    <JumpHistory Count="30" HistoryIndex="29">
      <Position1>
        <Filename Value="editors/editorMeta.pas"/>
        <Caret Line="667" Column="5" TopLine="645"/>
      </Position1>
      <Position2>
        <Filename Value="editors/editorMeta.pas"/>
        <Caret Line="773" Column="48" TopLine="737"/>
      </Position2>
      <Position3>
        <Filename Value="editors/editorMeta.pas"/>
        <Caret Line="787" Column="30" TopLine="765"/>
      </Position3>
      <Position4>
        <Filename Value="assistant/codeassistance.pas"/>
        <Caret Line="68" Column="11" TopLine="46"/>
      </Position4>
      <Position5>
        <Filename Value="assistant/codeassistance.pas"/>
        <Caret Line="25" Column="45" TopLine="15"/>
      </Position5>
      <Position6>
        <Filename Value="assistant/codeassistance.pas"/>
        <Caret Line="30" Column="5" TopLine="15"/>
      </Position6>
      <Position7>
        <Filename Value="assistant/codeassistance.pas"/>
        <Caret Line="65" TopLine="45"/>
      </Position7>
      <Position8>
        <Filename Value="assistant/codeassistance.pas"/>
        <Caret Line="31" Column="14" TopLine="6"/>
      </Position8>
      <Position9>
        <Filename Value="assistant/codeassistance.pas"/>
        <Caret Line="203" TopLine="181"/>
      </Position9>
      <Position10>
        <Filename Value="assistant/codeassistance.pas"/>
        <Caret Line="68" Column="28" TopLine="29"/>
      </Position10>
      <Position11>
        <Filename Value="assistant/codeassistance.pas"/>
        <Caret Line="22" TopLine="13"/>
      </Position11>
      <Position12>
        <Filename Value="outline/outlineformunit.pas"/>
        <Caret Line="47" Column="6" TopLine="24"/>
      </Position12>
      <Position13>
        <Filename Value="outline/outlineformunit.pas"/>
        <Caret Line="256" Column="5" TopLine="251"/>
      </Position13>
      <Position14>
        <Filename Value="outline/outlineformunit.pas"/>
        <Caret Line="47" Column="15" TopLine="26"/>
      </Position14>
      <Position15>
        <Filename Value="outline/outlineformunit.pas"/>
        <Caret Line="256" Column="5" TopLine="251"/>
      </Position15>
      <Position16>
        <Filename Value="outline/outlineformunit.pas"/>
        <Caret Line="53" TopLine="25"/>
      </Position16>
      <Position17>
        <Filename Value="editors/editorMeta.pas"/>
        <Caret Line="326" Column="10" TopLine="305"/>
      </Position17>
      <Position18>
        <Filename Value="editors/editorMeta.pas"/>
        <Caret Line="56" Column="17" TopLine="34"/>
      </Position18>
      <Position19>
        <Filename Value="assistant/codeassistance.pas"/>
        <Caret Line="64" Column="22" TopLine="50"/>
      </Position19>
      <Position20>
        <Filename Value="assistant/codeassistance.pas"/>
        <Caret Line="173" Column="37" TopLine="136"/>
      </Position20>
      <Position21>
        <Filename Value="assistant/codeassistance.pas"/>
        <Caret Line="66" Column="3" TopLine="42"/>
      </Position21>
      <Position22>
        <Filename Value="assistant/codeassistance.pas"/>
        <Caret Line="118" Column="7" TopLine="87"/>
      </Position22>
      <Position23>
        <Filename Value="editors/editorMeta.pas"/>
        <Caret Line="407" Column="6" TopLine="385"/>
      </Position23>
      <Position24>
        <Filename Value="editors/editorMeta.pas"/>
        <Caret Line="53" Column="6" TopLine="31"/>
      </Position24>
      <Position25>
        <Filename Value="editors/editorMeta.pas"/>
        <Caret Line="61" Column="89" TopLine="31"/>
      </Position25>
      <Position26>
        <Filename Value="editors/editorMeta.pas"/>
        <Caret Line="327" Column="28" TopLine="290"/>
      </Position26>
      <Position27>
        <Filename Value="editors/editorMeta.pas"/>
        <Caret Line="407" Column="58" TopLine="370"/>
      </Position27>
      <Position28>
        <Filename Value="editors/editorMeta.pas"/>
        <Caret Line="327" Column="5" TopLine="305"/>
      </Position28>
      <Position29>
        <Filename Value="editors/editorMeta.pas"/>
        <Caret Line="53" TopLine="39"/>
      </Position29>
      <Position30>
        <Filename Value="editors/editorMeta.pas"/>
        <Caret Line="325" TopLine="303"/>
      </Position30>
    </JumpHistory>
  </ProjectOptions>
  <CompilerOptions>
    <Version Value="11"/>
    <SearchPaths>
      <IncludeFiles Value="../core"/>
      <OtherUnitFiles Value="settings;../common;../core;../3rd_party;plot;editors;assistant;close;tables;vartree;outline;output;customForms;ask"/>
    </SearchPaths>
    <Parsing>
      <SyntaxOptions>
        <IncludeAssertionCode Value="True"/>
        <AllowLabel Value="False"/>
      </SyntaxOptions>
    </Parsing>
    <CodeGeneration>
      <Checks>
        <IOChecks Value="True"/>
        <RangeChecks Value="True"/>
        <OverflowChecks Value="True"/>
        <StackChecks Value="True"/>
      </Checks>
      <VerifyObjMethodCallValidity Value="True"/>
    </CodeGeneration>
    <Linking>
      <Debugging>
        <UseHeaptrc Value="True"/>
        <TrashVariables Value="True"/>
      </Debugging>
    </Linking>
    <Other>
      <CustomOptions Value="-dfullVersion"/>
    </Other>
  </CompilerOptions>
  <Debugging>
    <Exceptions Count="3">
      <Item1>
        <Name Value="EAbort"/>
      </Item1>
      <Item2>
        <Name Value="ECodetoolError"/>
      </Item2>
      <Item3>
        <Name Value="EFOpenError"/>
      </Item3>
    </Exceptions>
  </Debugging>
</CONFIG>
