<?xml version="1.0" encoding="UTF-8"?>
<CONFIG>
  <ProjectOptions>
    <Version Value="9"/>
    <PathDelim Value="\"/>
    <General>
      <Flags>
        <LRSInOutputDirectory Value="False"/>
      </Flags>
      <SessionStorage Value="InProjectDir"/>
      <MainUnit Value="0"/>
      <Title Value="MNH5 - GUI"/>
      <ResourceType Value="res"/>
      <UseXPManifest Value="True"/>
      <Icon Value="0"/>
    </General>
    <i18n>
      <EnableI18N LFM="False"/>
    </i18n>
    <VersionInfo>
      <StringTable ProductVersion=""/>
    </VersionInfo>
    <BuildModes Count="3">
      <Item1 Name="Default" Default="True"/>
      <Item2 Name="light">
        <CompilerOptions>
          <Version Value="11"/>
          <PathDelim Value="\"/>
          <Target>
            <Filename Value="mnh"/>
          </Target>
          <SearchPaths>
            <IncludeFiles Value="$(ProjOutDir);..\core"/>
            <OtherUnitFiles Value="..\core;..\..\common"/>
            <UnitOutputDirectory Value="lib\$(TargetCPU)-$(TargetOS)"/>
          </SearchPaths>
          <Parsing>
            <SyntaxOptions>
              <CStyleOperator Value="False"/>
              <AllowLabel Value="False"/>
              <CPPInline Value="False"/>
            </SyntaxOptions>
          </Parsing>
          <CodeGeneration>
            <RelocatableUnit Value="True"/>
            <Checks>
              <IOChecks Value="True"/>
              <StackChecks Value="True"/>
            </Checks>
          </CodeGeneration>
          <Other>
            <Verbosity>
              <ShowHintsForUnusedUnitsInMainSrc Value="True"/>
            </Verbosity>
            <CustomOptions Value="-ddebugMode"/>
          </Other>
        </CompilerOptions>
      </Item2>
      <Item3 Name="deployment">
        <CompilerOptions>
          <Version Value="11"/>
          <PathDelim Value="\"/>
          <Target>
            <Filename Value="mnh"/>
          </Target>
          <SearchPaths>
            <IncludeFiles Value="$(ProjOutDir);..\core"/>
            <OtherUnitFiles Value="..\core;..\..\common;..\..\common\synapse"/>
            <UnitOutputDirectory Value="lib\$(TargetCPU)-$(TargetOS)"/>
          </SearchPaths>
          <Parsing>
            <SyntaxOptions>
              <CStyleOperator Value="False"/>
              <AllowLabel Value="False"/>
              <CPPInline Value="False"/>
            </SyntaxOptions>
          </Parsing>
          <CodeGeneration>
            <SmartLinkUnit Value="True"/>
            <RelocatableUnit Value="True"/>
            <Optimizations>
              <OptimizationLevel Value="4"/>
            </Optimizations>
          </CodeGeneration>
          <Linking>
            <Debugging>
              <GenerateDebugInfo Value="False"/>
            </Debugging>
            <LinkSmart Value="True"/>
          </Linking>
          <Other>
            <Verbosity>
              <ShowHintsForUnusedUnitsInMainSrc Value="True"/>
            </Verbosity>
            <CustomOptions Value="-dfullVersion"/>
          </Other>
        </CompilerOptions>
      </Item3>
    </BuildModes>
    <PublishOptions>
      <Version Value="2"/>
    </PublishOptions>
    <RunParams>
      <local>
        <FormatVersion Value="1"/>
        <WorkingDirectory Value="..\"/>
      </local>
    </RunParams>
    <RequiredPackages Count="3">
      <Item1>
        <PackageName Value="TAChartLazarusPkg"/>
      </Item1>
      <Item2>
        <PackageName Value="SynEdit"/>
      </Item2>
      <Item3>
        <PackageName Value="LCL"/>
      </Item3>
    </RequiredPackages>
    <Units Count="38">
      <Unit0>
        <Filename Value="mnh_gui.lpr"/>
        <IsPartOfProject Value="True"/>
      </Unit0>
      <Unit1>
        <Filename Value="mnh_gui_main.pas"/>
        <IsPartOfProject Value="True"/>
        <ComponentName Value="MnhForm"/>
        <HasResources Value="True"/>
        <ResourceBaseClass Value="Form"/>
      </Unit1>
      <Unit2>
        <Filename Value="mnh_gui_settings.pas"/>
        <IsPartOfProject Value="True"/>
        <ComponentName Value="SettingsForm"/>
        <HasResources Value="True"/>
        <ResourceBaseClass Value="Form"/>
      </Unit2>
      <Unit3>
        <Filename Value="closedialog.pas"/>
        <IsPartOfProject Value="True"/>
        <ComponentName Value="closeDialogForm"/>
        <HasResources Value="True"/>
        <ResourceBaseClass Value="Form"/>
        <UnitName Value="closeDialog"/>
      </Unit3>
      <Unit4>
        <Filename Value="askdialog.pas"/>
        <IsPartOfProject Value="True"/>
        <ComponentName Value="askForm"/>
        <HasResources Value="True"/>
        <ResourceBaseClass Value="Form"/>
        <UnitName Value="askDialog"/>
      </Unit4>
      <Unit5>
        <Filename Value="synhighlightermnh.pas"/>
        <IsPartOfProject Value="True"/>
        <UnitName Value="SynHighlighterMnh"/>
      </Unit5>
      <Unit6>
        <Filename Value="..\core\mnh_tokens.pas"/>
        <IsPartOfProject Value="True"/>
      </Unit6>
      <Unit7>
        <Filename Value="..\core\mnh_tokens_subrule.inc"/>
        <IsPartOfProject Value="True"/>
      </Unit7>
      <Unit8>
        <Filename Value="..\core\mnh_tokens_rule.inc"/>
        <IsPartOfProject Value="True"/>
      </Unit8>
      <Unit9>
        <Filename Value="..\core\mnh_fileWrappers.pas"/>
        <IsPartOfProject Value="True"/>
      </Unit9>
      <Unit10>
        <Filename Value="..\core\mnh_tokloc.pas"/>
        <IsPartOfProject Value="True"/>
        <UnitName Value="mnh_tokLoc"/>
      </Unit10>
      <Unit11>
        <Filename Value="..\core\mnh_out_adapters.pas"/>
        <IsPartOfProject Value="True"/>
      </Unit11>
      <Unit12>
        <Filename Value="..\core\mnh_tokens_token.inc"/>
        <IsPartOfProject Value="True"/>
      </Unit12>
      <Unit13>
        <Filename Value="..\core\mnh_constants.pas"/>
        <IsPartOfProject Value="True"/>
      </Unit13>
      <Unit14>
        <Filename Value="..\core\mnh_litvar.pas"/>
        <IsPartOfProject Value="True"/>
        <UnitName Value="mnh_litVar"/>
      </Unit14>
      <Unit15>
        <Filename Value="..\core\mnh_funcs.pas"/>
        <IsPartOfProject Value="True"/>
      </Unit15>
      <Unit16>
        <Filename Value="mnh_evalThread.pas"/>
        <IsPartOfProject Value="True"/>
      </Unit16>
      <Unit17>
        <Filename Value="..\core\mnh_tokens_pattern.inc"/>
        <IsPartOfProject Value="True"/>
      </Unit17>
      <Unit18>
        <Filename Value="..\core\mnh_plotData.pas"/>
        <IsPartOfProject Value="True"/>
      </Unit18>
      <Unit19>
        <Filename Value="..\core\mnh_caches.pas"/>
        <IsPartOfProject Value="True"/>
      </Unit19>
      <Unit20>
        <Filename Value="..\core\mnh_tokens_futureTask.inc"/>
        <IsPartOfProject Value="True"/>
      </Unit20>
      <Unit21>
        <Filename Value="..\core\mnh_doc.pas"/>
        <IsPartOfProject Value="True"/>
      </Unit21>
      <Unit22>
        <Filename Value="..\core\mnh_tokens_funcs.inc"/>
        <IsPartOfProject Value="True"/>
      </Unit22>
      <Unit23>
        <Filename Value="..\core\consoleAsk.pas"/>
        <IsPartOfProject Value="True"/>
      </Unit23>
      <Unit24>
        <Filename Value="..\core\mnh_tokens_recycler.inc"/>
        <IsPartOfProject Value="True"/>
      </Unit24>
      <Unit25>
        <Filename Value="..\core\mnh_cmdLineInterpretation.pas"/>
        <IsPartOfProject Value="True"/>
      </Unit25>
      <Unit26>
        <Filename Value="..\util\mySys.pas"/>
        <IsPartOfProject Value="True"/>
      </Unit26>
      <Unit27>
        <Filename Value="..\core\mnh_funcs_mnh.pas"/>
        <IsPartOfProject Value="True"/>
      </Unit27>
      <Unit28>
        <Filename Value="..\core\mnh_funcs_math.pas"/>
        <IsPartOfProject Value="True"/>
      </Unit28>
      <Unit29>
        <Filename Value="..\core\mnh_funcs_strings.pas"/>
        <IsPartOfProject Value="True"/>
      </Unit29>
      <Unit30>
        <Filename Value="..\core\mnh_funcs_list.pas"/>
        <IsPartOfProject Value="True"/>
      </Unit30>
      <Unit31>
        <Filename Value="..\core\mnh_funcs_system.pas"/>
        <IsPartOfProject Value="True"/>
      </Unit31>
      <Unit32>
        <Filename Value="..\core\mnh_funcs_regex.pas"/>
        <IsPartOfProject Value="True"/>
      </Unit32>
      <Unit33>
        <Filename Value="..\core\mnh_tokens_procBlock.inc"/>
        <IsPartOfProject Value="True"/>
      </Unit33>
      <Unit34>
        <Filename Value="..\core\mnh_html.pas"/>
        <IsPartOfProject Value="True"/>
      </Unit34>
      <Unit35>
        <Filename Value="..\core\mnh_plotfuncs.pas"/>
        <IsPartOfProject Value="True"/>
        <UnitName Value="mnh_plotFuncs"/>
      </Unit35>
      <Unit36>
        <Filename Value="mnh_plotform.pas"/>
        <IsPartOfProject Value="True"/>
        <ComponentName Value="plotForm"/>
        <HasResources Value="True"/>
        <ResourceBaseClass Value="Form"/>
        <UnitName Value="mnh_plotForm"/>
      </Unit36>
      <Unit37>
        <Filename Value="newcentralpackagedialog.pas"/>
        <IsPartOfProject Value="True"/>
        <ComponentName Value="newCentralPackageForm"/>
        <HasResources Value="True"/>
        <ResourceBaseClass Value="Form"/>
        <UnitName Value="newCentralPackageDialog"/>
      </Unit37>
    </Units>
  </ProjectOptions>
  <CompilerOptions>
    <Version Value="11"/>
    <PathDelim Value="\"/>
    <Target>
      <Filename Value="mnh"/>
    </Target>
    <SearchPaths>
      <IncludeFiles Value="$(ProjOutDir);..\core"/>
      <OtherUnitFiles Value="..\core;..\..\common;..\..\common\synapse"/>
      <UnitOutputDirectory Value="lib\$(TargetCPU)-$(TargetOS)"/>
    </SearchPaths>
    <Parsing>
      <SyntaxOptions>
        <CStyleOperator Value="False"/>
        <AllowLabel Value="False"/>
        <CPPInline Value="False"/>
      </SyntaxOptions>
    </Parsing>
    <CodeGeneration>
      <RelocatableUnit Value="True"/>
      <Checks>
        <IOChecks Value="True"/>
        <StackChecks Value="True"/>
      </Checks>
    </CodeGeneration>
    <Other>
      <Verbosity>
        <ShowHintsForUnusedUnitsInMainSrc Value="True"/>
      </Verbosity>
      <CustomOptions Value="-ddebugMode
-dfullVersion"/>
    </Other>
  </CompilerOptions>
  <Debugging>
    <Exceptions Count="4">
      <Item1>
        <Name Value="EAbort"/>
      </Item1>
      <Item2>
        <Name Value="ECodetoolError"/>
      </Item2>
      <Item3>
        <Name Value="EFOpenError"/>
      </Item3>
      <Item4>
        <Name Value="ERangeError"/>
      </Item4>
    </Exceptions>
  </Debugging>
</CONFIG>
